# THIS IS AN AUTOGENERATED FILE. DO NOT EDIT THIS FILE DIRECTLY.
# yarn lockfile v1


"@babel/runtime@^7.16.3", "@babel/runtime@^7.17.2", "@babel/runtime@^7.18.9", "@babel/runtime@^7.19.4":
  "integrity" "sha512-NDYdls71fTXoU8TZHfbBWg7DiZfNzClcKui/+kyi6ppD2L1qnWW3VV6CjtaBXSUGGhiTWJ6ereOIkUvenif66Q=="
  "resolved" "https://registry.npmjs.org/@babel/runtime/-/runtime-7.20.0.tgz"
  "version" "7.20.0"
  dependencies:
    "regenerator-runtime" "^0.13.10"

"@noble/hashes@1.1.3":
  "integrity" "sha512-CE0FCR57H2acVI5UOzIGSSIYxZ6v/HOhDR0Ro9VLyhnzLwx0o8W1mmgaqlEUx4049qJDlIBRztv5k+MM8vbO3A=="
  "resolved" "https://registry.npmjs.org/@noble/hashes/-/hashes-1.1.3.tgz"
  "version" "1.1.3"

"@noble/secp256k1@1.7.0":
  "integrity" "sha512-kbacwGSsH/CTout0ZnZWxnW1B+jH/7r/WAAKLBtrRJ/+CUH7lgmQzl3GTrQua3SGKWNSDsS6lmjnDpIJ5Dxyaw=="
  "resolved" "https://registry.npmjs.org/@noble/secp256k1/-/secp256k1-1.7.0.tgz"
  "version" "1.7.0"

"@polkadot/api-augment@8.14.2-12":
  "integrity" "sha512-WIRsIcTC/lbkeKZVXilUU3kvhhethrZuKJ0XuqtB3vh9D0WEwA2doGLmgQbYKL0A4wJbQjh6LOp8Egvj7caFxg=="
  "resolved" "https://registry.npmjs.org/@polkadot/api-augment/-/api-augment-8.14.2-12.tgz"
  "version" "8.14.2-12"
  dependencies:
    "@babel/runtime" "^7.18.9"
    "@polkadot/api-base" "8.14.2-12"
    "@polkadot/rpc-augment" "8.14.2-12"
    "@polkadot/types" "8.14.2-12"
    "@polkadot/types-augment" "8.14.2-12"
    "@polkadot/types-codec" "8.14.2-12"
    "@polkadot/util" "^10.1.1"

"@polkadot/api-base@8.14.2-12":
  "integrity" "sha512-hI8aA/B2R1g9aMwjTHAYuIFwZuaCS5Hr1SuagJbJj98gYB85PkFSh2c17b+DmFOn8S1Fu4yN1TnN2BgCAlGdAg=="
  "resolved" "https://registry.npmjs.org/@polkadot/api-base/-/api-base-8.14.2-12.tgz"
  "version" "8.14.2-12"
  dependencies:
    "@babel/runtime" "^7.18.9"
    "@polkadot/rpc-core" "8.14.2-12"
    "@polkadot/types" "8.14.2-12"
    "@polkadot/util" "^10.1.1"
    "rxjs" "^7.5.6"

"@polkadot/api-contract@^8.14.2-12":
  "integrity" "sha512-FCKpP/yPPznM0tJnKWM++VWRr6EzIj+jvG8CWbwqxLaOmNqACIrBhzbZAYTW+1t6ItSOEkDm/OFk0/c5DfWfMg=="
  "resolved" "https://registry.npmjs.org/@polkadot/api-contract/-/api-contract-8.14.2-12.tgz"
  "version" "8.14.2-12"
  dependencies:
    "@babel/runtime" "^7.18.9"
    "@polkadot/api" "8.14.2-12"
    "@polkadot/types" "8.14.2-12"
    "@polkadot/types-codec" "8.14.2-12"
    "@polkadot/types-create" "8.14.2-12"
    "@polkadot/util" "^10.1.1"
    "@polkadot/util-crypto" "^10.1.1"
    "rxjs" "^7.5.6"

"@polkadot/api-derive@8.14.2-12":
  "integrity" "sha512-dG6Hi04/D4+Bg/0DX0haJO9o01xcsPVXYYkoiiYbfKV4Bp/7Uu1ZHF5JFfk518lAeHAi5lP4iXCegoaEWxR4Ag=="
  "resolved" "https://registry.npmjs.org/@polkadot/api-derive/-/api-derive-8.14.2-12.tgz"
  "version" "8.14.2-12"
  dependencies:
    "@babel/runtime" "^7.18.9"
    "@polkadot/api" "8.14.2-12"
    "@polkadot/api-augment" "8.14.2-12"
    "@polkadot/api-base" "8.14.2-12"
    "@polkadot/rpc-core" "8.14.2-12"
    "@polkadot/types" "8.14.2-12"
    "@polkadot/types-codec" "8.14.2-12"
    "@polkadot/util" "^10.1.1"
    "@polkadot/util-crypto" "^10.1.1"
    "rxjs" "^7.5.6"

"@polkadot/api@*", "@polkadot/api@^8.14.2-12", "@polkadot/api@8.14.2-12":
  "integrity" "sha512-5PomBy7bWjIU06NDoSCu6/Zy4S6e+ZbyRNTF3aw74p9t8NPRhliCb/QQIfTc0wRu6NxszYjJjOjlhJ241wFAuQ=="
  "resolved" "https://registry.npmjs.org/@polkadot/api/-/api-8.14.2-12.tgz"
  "version" "8.14.2-12"
  dependencies:
    "@babel/runtime" "^7.18.9"
    "@polkadot/api-augment" "8.14.2-12"
    "@polkadot/api-base" "8.14.2-12"
    "@polkadot/api-derive" "8.14.2-12"
    "@polkadot/keyring" "^10.1.1"
    "@polkadot/rpc-augment" "8.14.2-12"
    "@polkadot/rpc-core" "8.14.2-12"
    "@polkadot/rpc-provider" "8.14.2-12"
    "@polkadot/types" "8.14.2-12"
    "@polkadot/types-augment" "8.14.2-12"
    "@polkadot/types-codec" "8.14.2-12"
    "@polkadot/types-create" "8.14.2-12"
    "@polkadot/types-known" "8.14.2-12"
    "@polkadot/util" "^10.1.1"
    "@polkadot/util-crypto" "^10.1.1"
    "eventemitter3" "^4.0.7"
    "rxjs" "^7.5.6"

"@polkadot/extension-dapp@^0.44.6":
  "integrity" "sha512-PKpc50df5dzAdYp/Btr46hdAdsUatoEInp8sc4HvIrIFDHXHcFq6I73pPDeq627SxkZjBiRGVpks8KOl9b6x6A=="
  "resolved" "https://registry.npmjs.org/@polkadot/extension-dapp/-/extension-dapp-0.44.6.tgz"
  "version" "0.44.6"
  dependencies:
    "@babel/runtime" "^7.18.9"
    "@polkadot/extension-inject" "^0.44.6"
    "@polkadot/util" "^10.1.5"
    "@polkadot/util-crypto" "^10.1.5"

"@polkadot/extension-inject@^0.44.6":
  "integrity" "sha512-IX9KS0lFsCxRbctEy14ecDYCaJHXGyJ1oJC8OMhrkI3aKYgkTAAcZhMKkGWPpra9ld8G9oma6MLnO6A8Xl1ARQ=="
  "resolved" "https://registry.npmjs.org/@polkadot/extension-inject/-/extension-inject-0.44.6.tgz"
  "version" "0.44.6"
  dependencies:
    "@babel/runtime" "^7.18.9"
    "@polkadot/rpc-provider" "^9.2.3"
    "@polkadot/types" "^9.2.3"
    "@polkadot/util" "^10.1.5"
    "@polkadot/util-crypto" "^10.1.5"
    "@polkadot/x-global" "^10.1.5"

"@polkadot/keyring@^10.1.1", "@polkadot/keyring@^10.1.11":
  "integrity" "sha512-Nv8cZaOA/KbdslDMTklJ58+y+UPpic3+oMQoozuq48Ccjv7WeW2BX47XM/RNE8nYFg6EHa6Whfm4IFaFb8s7ag=="
  "resolved" "https://registry.npmjs.org/@polkadot/keyring/-/keyring-10.1.11.tgz"
  "version" "10.1.11"
  dependencies:
    "@babel/runtime" "^7.19.4"
    "@polkadot/util" "10.1.11"
    "@polkadot/util-crypto" "10.1.11"

"@polkadot/networks@^10.1.1", "@polkadot/networks@10.1.11":
  "integrity" "sha512-4FfOVETXwh6PL6wd6fYJMkRSQKm+xUw3vR5rHqcAnB696FpMFPPErc6asgZ9lYMyzNJRY3yG86HQpFhtCv1nGA=="
  "resolved" "https://registry.npmjs.org/@polkadot/networks/-/networks-10.1.11.tgz"
  "version" "10.1.11"
  dependencies:
    "@babel/runtime" "^7.19.4"
    "@polkadot/util" "10.1.11"
    "@substrate/ss58-registry" "^1.33.0"

"@polkadot/networks@7.9.2":
  "integrity" "sha512-4obI1RdW5/7TFwbwKA9oqw8aggVZ65JAUvIFMd2YmMC2T4+NiZLnok0WhRkhZkUnqjLIHXYNwq7Ho1i39dte0g=="
  "resolved" "https://registry.npmjs.org/@polkadot/networks/-/networks-7.9.2.tgz"
  "version" "7.9.2"
  dependencies:
    "@babel/runtime" "^7.16.3"

"@polkadot/rpc-augment@8.14.2-12":
  "integrity" "sha512-FZvwZS8lMcweLLv+v7f9ji/Seugx02CCQroBaX6JJQCGZ/Ak61SBq2KiBtgBlVxtXGW58Ivev3nRtLsKT1s7DA=="
  "resolved" "https://registry.npmjs.org/@polkadot/rpc-augment/-/rpc-augment-8.14.2-12.tgz"
  "version" "8.14.2-12"
  dependencies:
    "@babel/runtime" "^7.18.9"
    "@polkadot/rpc-core" "8.14.2-12"
    "@polkadot/types" "8.14.2-12"
    "@polkadot/types-codec" "8.14.2-12"
    "@polkadot/util" "^10.1.1"

"@polkadot/rpc-core@8.14.2-12":
  "integrity" "sha512-b6RK8q8zibvnCu4s7xbfHllGvzhIsbB41eXMZdpPivU3HxClnH1ul4idQUMz/53KtxNr0P/Y16u7g2VD0HlVOA=="
  "resolved" "https://registry.npmjs.org/@polkadot/rpc-core/-/rpc-core-8.14.2-12.tgz"
  "version" "8.14.2-12"
  dependencies:
    "@babel/runtime" "^7.18.9"
    "@polkadot/rpc-augment" "8.14.2-12"
    "@polkadot/rpc-provider" "8.14.2-12"
    "@polkadot/types" "8.14.2-12"
    "@polkadot/util" "^10.1.1"
    "rxjs" "^7.5.6"

"@polkadot/rpc-provider@^9.2.3":
  "integrity" "sha512-dG/qeIXDHYBotZ+xT6lurYClG0dPMmClfXTGteFoSv6nTWwi2nL3RoBWgJZHOSlJBExleenovDQXdOy2YmuiFQ=="
  "resolved" "https://registry.npmjs.org/@polkadot/rpc-provider/-/rpc-provider-9.6.1.tgz"
  "version" "9.6.1"
  dependencies:
    "@babel/runtime" "^7.19.4"
    "@polkadot/keyring" "^10.1.11"
    "@polkadot/types" "9.6.1"
    "@polkadot/types-support" "9.6.1"
    "@polkadot/util" "^10.1.11"
    "@polkadot/util-crypto" "^10.1.11"
    "@polkadot/x-fetch" "^10.1.11"
    "@polkadot/x-global" "^10.1.11"
    "@polkadot/x-ws" "^10.1.11"
    "@substrate/connect" "0.7.15"
    "eventemitter3" "^4.0.7"
    "mock-socket" "^9.1.5"
    "nock" "^13.2.9"

"@polkadot/rpc-provider@8.14.2-12":
  "integrity" "sha512-vT+OQAnPW9piDOCYBFYrLJv+7Q0RI23BJ/Da55O1+ZSPC72srZXqjznlReFhJmjjsrsrX753EC1mrLI5U6pn5A=="
  "resolved" "https://registry.npmjs.org/@polkadot/rpc-provider/-/rpc-provider-8.14.2-12.tgz"
  "version" "8.14.2-12"
  dependencies:
    "@babel/runtime" "^7.18.9"
    "@polkadot/keyring" "^10.1.1"
    "@polkadot/types" "8.14.2-12"
    "@polkadot/types-support" "8.14.2-12"
    "@polkadot/util" "^10.1.1"
    "@polkadot/util-crypto" "^10.1.1"
    "@polkadot/x-fetch" "^10.1.1"
    "@polkadot/x-global" "^10.1.1"
    "@polkadot/x-ws" "^10.1.1"
    "@substrate/connect" "0.7.9"
    "eventemitter3" "^4.0.7"
    "mock-socket" "^9.1.5"
    "nock" "^13.2.9"

"@polkadot/types-augment@8.14.2-12":
  "integrity" "sha512-FHqsS+mTyxrZd7osB9xjC/ct5+m/f8r2DyVJjAYI25rmMMyQ0vq7CCRwYCszMFF3i4H00hJTKxSBuuOwqgrYjw=="
  "resolved" "https://registry.npmjs.org/@polkadot/types-augment/-/types-augment-8.14.2-12.tgz"
  "version" "8.14.2-12"
  dependencies:
    "@babel/runtime" "^7.18.9"
    "@polkadot/types" "8.14.2-12"
    "@polkadot/types-codec" "8.14.2-12"
    "@polkadot/util" "^10.1.1"

"@polkadot/types-augment@9.6.1":
  "integrity" "sha512-ZS8XoaeiMpOO5Bbz+4hI5ynsd057kHT5pHZc8PIypQvE/slhzZyBKOW8+MblM4FIyVfR8owz/7nGpOX62zfMiA=="
  "resolved" "https://registry.npmjs.org/@polkadot/types-augment/-/types-augment-9.6.1.tgz"
  "version" "9.6.1"
  dependencies:
    "@babel/runtime" "^7.19.4"
    "@polkadot/types" "9.6.1"
    "@polkadot/types-codec" "9.6.1"
    "@polkadot/util" "^10.1.11"

"@polkadot/types-codec@8.14.2-12":
  "integrity" "sha512-A3vthDvWx8EGf77cunSQ5n/mJ1QFBqiZvE7TxW3QIroY0cM0kO1Lla4jVn8UUbOdA1N/2xw1AhWz9xMo2IYbBQ=="
  "resolved" "https://registry.npmjs.org/@polkadot/types-codec/-/types-codec-8.14.2-12.tgz"
  "version" "8.14.2-12"
  dependencies:
    "@babel/runtime" "^7.18.9"
    "@polkadot/util" "^10.1.1"
    "@polkadot/x-bigint" "^10.1.1"

"@polkadot/types-codec@9.6.1":
  "integrity" "sha512-fgrD9yKVVHMyw26VORE+VR2hEnyVa5g5krK3Xv4l6rVGWYYE/vcmsuelZIPM0Glzc5K/2nA72s4Yv5/V8Sk1gA=="
  "resolved" "https://registry.npmjs.org/@polkadot/types-codec/-/types-codec-9.6.1.tgz"
  "version" "9.6.1"
  dependencies:
    "@babel/runtime" "^7.19.4"
    "@polkadot/util" "^10.1.11"
    "@polkadot/x-bigint" "^10.1.11"

"@polkadot/types-create@8.14.2-12":
  "integrity" "sha512-h7PeovLAQp2o3jNcd5sdKRQ67VrA7OFFxItYvL+Du18RdvF1tvUH4dIaehcPSVYMCQt7/Txa0g4F5zpWD2kiRQ=="
  "resolved" "https://registry.npmjs.org/@polkadot/types-create/-/types-create-8.14.2-12.tgz"
  "version" "8.14.2-12"
  dependencies:
    "@babel/runtime" "^7.18.9"
    "@polkadot/types-codec" "8.14.2-12"
    "@polkadot/util" "^10.1.1"

"@polkadot/types-create@9.6.1":
  "integrity" "sha512-xxkoyq44CnXOjI4ieJtyh4PFRL+ALmVadHvvNuU2C0dwvGGYMxUeISw2O1vFssW0MzyZU7ZI6BY9FkVFZKCnkA=="
  "resolved" "https://registry.npmjs.org/@polkadot/types-create/-/types-create-9.6.1.tgz"
  "version" "9.6.1"
  dependencies:
    "@babel/runtime" "^7.19.4"
    "@polkadot/types-codec" "9.6.1"
    "@polkadot/util" "^10.1.11"

"@polkadot/types-known@8.14.2-12":
  "integrity" "sha512-dRL9ozQTXFI159jpza+ZlOpfVs5wkC2XuAduBBoDh3TkfyIFzITo+gTL+FBvLLjmVEFFPb+4ZflPokxqZXOI3A=="
  "resolved" "https://registry.npmjs.org/@polkadot/types-known/-/types-known-8.14.2-12.tgz"
  "version" "8.14.2-12"
  dependencies:
    "@babel/runtime" "^7.18.9"
    "@polkadot/networks" "^10.1.1"
    "@polkadot/types" "8.14.2-12"
    "@polkadot/types-codec" "8.14.2-12"
    "@polkadot/types-create" "8.14.2-12"
    "@polkadot/util" "^10.1.1"

"@polkadot/types-support@8.14.2-12":
  "integrity" "sha512-/Kyv6XJIDrIketTDmSGTwAd/fUAyLsU4CdukuG4U6c8ABylzDEbzZASLE4PC/K+oiaJSm7yPIEZ85Hs/4fv47g=="
  "resolved" "https://registry.npmjs.org/@polkadot/types-support/-/types-support-8.14.2-12.tgz"
  "version" "8.14.2-12"
  dependencies:
    "@babel/runtime" "^7.18.9"
    "@polkadot/util" "^10.1.1"

"@polkadot/types-support@9.6.1":
  "integrity" "sha512-4cfDbH6YTJ2dL8qYyBjMaJiAG8SQTUiTBtmymWDP58StgMtcOtDk2DByp0Nt3kWFH6/IhYGin3QZ1M00xdynAA=="
  "resolved" "https://registry.npmjs.org/@polkadot/types-support/-/types-support-9.6.1.tgz"
  "version" "9.6.1"
  dependencies:
    "@babel/runtime" "^7.19.4"
    "@polkadot/util" "^10.1.11"

"@polkadot/types@^9.2.3", "@polkadot/types@9.6.1":
  "integrity" "sha512-HzWRW6715xxZ5pIB25idkeTtBMKfMVGk+D2lHl2eKiGQiTbo0m13HoSJAS9cR4kZeimMI8j+i2wpFysjW84Jlw=="
  "resolved" "https://registry.npmjs.org/@polkadot/types/-/types-9.6.1.tgz"
  "version" "9.6.1"
  dependencies:
    "@babel/runtime" "^7.19.4"
    "@polkadot/keyring" "^10.1.11"
    "@polkadot/types-augment" "9.6.1"
    "@polkadot/types-codec" "9.6.1"
    "@polkadot/types-create" "9.6.1"
    "@polkadot/util" "^10.1.11"
    "@polkadot/util-crypto" "^10.1.11"
    "rxjs" "^7.5.7"

"@polkadot/types@8.14.2-12":
  "integrity" "sha512-pa+7Wc9MYup4Fbr30lML0k2AOzkviWB2Z1Od82vz7R0fRnHWj3IrTDQM/qOAfVHIgBF3xhizb39fsKggJbPQEg=="
  "resolved" "https://registry.npmjs.org/@polkadot/types/-/types-8.14.2-12.tgz"
  "version" "8.14.2-12"
  dependencies:
    "@babel/runtime" "^7.18.9"
    "@polkadot/keyring" "^10.1.1"
    "@polkadot/types-augment" "8.14.2-12"
    "@polkadot/types-codec" "8.14.2-12"
    "@polkadot/types-create" "8.14.2-12"
    "@polkadot/util" "^10.1.1"
    "@polkadot/util-crypto" "^10.1.1"
    "rxjs" "^7.5.6"

"@polkadot/util-crypto@^10.1.1":
  "integrity" "sha512-wG63frIMAR5T/HXGM0SFNzZZdk7qDBsfLXfn6PIZiXCCCsdEYPzS5WltB7fkhicYpbePJ7VgdCAddj1l4IcGyg=="
  "resolved" "https://registry.npmjs.org/@polkadot/util-crypto/-/util-crypto-10.1.11.tgz"
  "version" "10.1.11"
  dependencies:
    "@babel/runtime" "^7.19.4"
    "@noble/hashes" "1.1.3"
    "@noble/secp256k1" "1.7.0"
    "@polkadot/networks" "10.1.11"
    "@polkadot/util" "10.1.11"
    "@polkadot/wasm-crypto" "^6.3.1"
    "@polkadot/x-bigint" "10.1.11"
    "@polkadot/x-randomvalues" "10.1.11"
    "@scure/base" "1.1.1"
    "ed2curve" "^0.3.0"
    "tweetnacl" "^1.0.3"

"@polkadot/util-crypto@^10.1.11", "@polkadot/util-crypto@^10.1.5":
  "integrity" "sha512-wG63frIMAR5T/HXGM0SFNzZZdk7qDBsfLXfn6PIZiXCCCsdEYPzS5WltB7fkhicYpbePJ7VgdCAddj1l4IcGyg=="
  "resolved" "https://registry.npmjs.org/@polkadot/util-crypto/-/util-crypto-10.1.11.tgz"
  "version" "10.1.11"
  dependencies:
    "@babel/runtime" "^7.19.4"
    "@noble/hashes" "1.1.3"
    "@noble/secp256k1" "1.7.0"
    "@polkadot/networks" "10.1.11"
    "@polkadot/util" "10.1.11"
    "@polkadot/wasm-crypto" "^6.3.1"
    "@polkadot/x-bigint" "10.1.11"
    "@polkadot/x-randomvalues" "10.1.11"
    "@scure/base" "1.1.1"
    "ed2curve" "^0.3.0"
    "tweetnacl" "^1.0.3"

"@polkadot/util-crypto@^7.9.2":
  "integrity" "sha512-nNwqUwP44eCH9jKKcPie+IHLKkg9LMe6H7hXo91hy3AtoslnNrT51tP3uAm5yllhLvswJfnAgnlHq7ybCgqeFw=="
  "resolved" "https://registry.npmjs.org/@polkadot/util-crypto/-/util-crypto-7.9.2.tgz"
  "version" "7.9.2"
  dependencies:
    "@babel/runtime" "^7.16.3"
    "@polkadot/networks" "7.9.2"
    "@polkadot/util" "7.9.2"
    "@polkadot/wasm-crypto" "^4.4.1"
    "@polkadot/x-randomvalues" "7.9.2"
    "blakejs" "^1.1.1"
    "bn.js" "^4.12.0"
    "create-hash" "^1.2.0"
    "ed2curve" "^0.3.0"
    "elliptic" "^6.5.4"
    "hash.js" "^1.1.7"
    "js-sha3" "^0.8.0"
    "micro-base" "^0.9.0"
    "scryptsy" "^2.1.0"
    "tweetnacl" "^1.0.3"
    "xxhashjs" "^0.2.2"

"@polkadot/util-crypto@10.1.11":
  "integrity" "sha512-wG63frIMAR5T/HXGM0SFNzZZdk7qDBsfLXfn6PIZiXCCCsdEYPzS5WltB7fkhicYpbePJ7VgdCAddj1l4IcGyg=="
  "resolved" "https://registry.npmjs.org/@polkadot/util-crypto/-/util-crypto-10.1.11.tgz"
  "version" "10.1.11"
  dependencies:
    "@babel/runtime" "^7.19.4"
    "@noble/hashes" "1.1.3"
    "@noble/secp256k1" "1.7.0"
    "@polkadot/networks" "10.1.11"
    "@polkadot/util" "10.1.11"
    "@polkadot/wasm-crypto" "^6.3.1"
    "@polkadot/x-bigint" "10.1.11"
    "@polkadot/x-randomvalues" "10.1.11"
    "@scure/base" "1.1.1"
    "ed2curve" "^0.3.0"
    "tweetnacl" "^1.0.3"

"@polkadot/util@*", "@polkadot/util@^10.1.1", "@polkadot/util@^10.1.11", "@polkadot/util@^10.1.5", "@polkadot/util@10.1.11":
  "integrity" "sha512-6m51lw6g6ilqO/k4BQY7rD0lYM9NCnC4FiM7CEEUc7j8q86qxdcZ88zdNldkhNsTIQnfmCtkK3GRzZW6VYrbUw=="
  "resolved" "https://registry.npmjs.org/@polkadot/util/-/util-10.1.11.tgz"
  "version" "10.1.11"
  dependencies:
    "@babel/runtime" "^7.19.4"
    "@polkadot/x-bigint" "10.1.11"
    "@polkadot/x-global" "10.1.11"
    "@polkadot/x-textdecoder" "10.1.11"
    "@polkadot/x-textencoder" "10.1.11"
    "@types/bn.js" "^5.1.1"
    "bn.js" "^5.2.1"

"@polkadot/util@7.9.2":
  "integrity" "sha512-6ABY6ErgkCsM4C6+X+AJSY4pBGwbKlHZmUtHftaiTvbaj4XuA4nTo3GU28jw8wY0Jh2cJZJvt6/BJ5GVkm5tBA=="
  "resolved" "https://registry.npmjs.org/@polkadot/util/-/util-7.9.2.tgz"
  "version" "7.9.2"
  dependencies:
    "@babel/runtime" "^7.16.3"
    "@polkadot/x-textdecoder" "7.9.2"
    "@polkadot/x-textencoder" "7.9.2"
    "@types/bn.js" "^4.11.6"
    "bn.js" "^4.12.0"
    "camelcase" "^6.2.1"
    "ip-regex" "^4.3.0"

"@polkadot/wasm-bridge@6.3.1":
  "integrity" "sha512-1TYkHsb9AEFhU9uZj3biEnN2yKQNzdrwSjiTvfCYnt97pnEkKsZI6cku+YPZQv5w/x9CQa5Yua9e2DVVZSivGA=="
  "resolved" "https://registry.npmjs.org/@polkadot/wasm-bridge/-/wasm-bridge-6.3.1.tgz"
  "version" "6.3.1"
  dependencies:
    "@babel/runtime" "^7.18.9"

"@polkadot/wasm-crypto-asmjs@^4.6.1":
  "integrity" "sha512-1oHQjz2oEO1kCIcQniOP+dZ9N2YXf2yCLHLsKaKSvfXiWaetVCaBNB8oIHIVYvuLnVc8qlMi66O6xc1UublHsw=="
  "resolved" "https://registry.npmjs.org/@polkadot/wasm-crypto-asmjs/-/wasm-crypto-asmjs-4.6.1.tgz"
  "version" "4.6.1"
  dependencies:
    "@babel/runtime" "^7.17.2"

"@polkadot/wasm-crypto-asmjs@6.3.1":
  "integrity" "sha512-zbombRfA5v/mUWQQhgg2YwaxhRmxRIrvskw65x+lruax3b6xPBFDs7yplopiJU3r8h2pTgQvX/DUksvqz2TCRQ=="
  "resolved" "https://registry.npmjs.org/@polkadot/wasm-crypto-asmjs/-/wasm-crypto-asmjs-6.3.1.tgz"
  "version" "6.3.1"
  dependencies:
    "@babel/runtime" "^7.18.9"

"@polkadot/wasm-crypto-init@6.3.1":
  "integrity" "sha512-9yaUBcu+snwjJLmPPGl3cyGRQ1afyFGm16qzTM0sgG/ZCfUlK4uk8KWZe+sBUKgoxb2oXY7Y4WklKgQI1YBdfw=="
  "resolved" "https://registry.npmjs.org/@polkadot/wasm-crypto-init/-/wasm-crypto-init-6.3.1.tgz"
  "version" "6.3.1"
  dependencies:
    "@babel/runtime" "^7.18.9"
    "@polkadot/wasm-bridge" "6.3.1"
    "@polkadot/wasm-crypto-asmjs" "6.3.1"
    "@polkadot/wasm-crypto-wasm" "6.3.1"

"@polkadot/wasm-crypto-wasm@^4.6.1":
  "integrity" "sha512-NI3JVwmLjrSYpSVuhu0yeQYSlsZrdpK41UC48sY3kyxXC71pi6OVePbtHS1K3xh3FFmDd9srSchExi3IwzKzMw=="
  "resolved" "https://registry.npmjs.org/@polkadot/wasm-crypto-wasm/-/wasm-crypto-wasm-4.6.1.tgz"
  "version" "4.6.1"
  dependencies:
    "@babel/runtime" "^7.17.2"

"@polkadot/wasm-crypto-wasm@6.3.1":
  "integrity" "sha512-idSlzKGVzCfeCMRHsacRvqwojSaTadFxL/Dbls4z1thvfa3U9Ku0d2qVtlwg7Hj+tYWDiuP8Kygs+6bQwfs0XA=="
  "resolved" "https://registry.npmjs.org/@polkadot/wasm-crypto-wasm/-/wasm-crypto-wasm-6.3.1.tgz"
  "version" "6.3.1"
  dependencies:
    "@babel/runtime" "^7.18.9"
    "@polkadot/wasm-util" "6.3.1"

"@polkadot/wasm-crypto@^4.4.1":
  "integrity" "sha512-2wEftBDxDG+TN8Ah6ogtvzjdZdcF0mAjU4UNNOfpmkBCxQYZOrAHB8HXhzo3noSsKkLX7PDX57NxvJ9OhoTAjw=="
  "resolved" "https://registry.npmjs.org/@polkadot/wasm-crypto/-/wasm-crypto-4.6.1.tgz"
  "version" "4.6.1"
  dependencies:
    "@babel/runtime" "^7.17.2"
    "@polkadot/wasm-crypto-asmjs" "^4.6.1"
    "@polkadot/wasm-crypto-wasm" "^4.6.1"

"@polkadot/wasm-crypto@^6.3.1":
  "integrity" "sha512-OO8h0qeVkqp4xYZaRVl4iuWOEtq282pNBHDKb6SOJuI2g59eWGcKh4EQU9Me2VP6qzojIqptrkrVt7KQXC68gA=="
  "resolved" "https://registry.npmjs.org/@polkadot/wasm-crypto/-/wasm-crypto-6.3.1.tgz"
  "version" "6.3.1"
  dependencies:
    "@babel/runtime" "^7.18.9"
    "@polkadot/wasm-bridge" "6.3.1"
    "@polkadot/wasm-crypto-asmjs" "6.3.1"
    "@polkadot/wasm-crypto-init" "6.3.1"
    "@polkadot/wasm-crypto-wasm" "6.3.1"
    "@polkadot/wasm-util" "6.3.1"

"@polkadot/wasm-util@6.3.1":
  "integrity" "sha512-12oAv5J7Yoc9m6jixrSaQCxpOkWOyzHx3DMC8qmLjRiwdBWxqLmImOVRVnFsbaxqSbhBIHRuJphVxWE+GZETDg=="
  "resolved" "https://registry.npmjs.org/@polkadot/wasm-util/-/wasm-util-6.3.1.tgz"
  "version" "6.3.1"
  dependencies:
    "@babel/runtime" "^7.18.9"

"@polkadot/x-bigint@^10.1.1", "@polkadot/x-bigint@^10.1.11", "@polkadot/x-bigint@10.1.11":
  "integrity" "sha512-TC4KZ+ni/SJhcf/LIwD49C/kwvACu0nCchETNO+sAfJ7COXZwHDUJXVXmwN5PgkQxwsWsKKuJmzR/Fi1bgMWnQ=="
  "resolved" "https://registry.npmjs.org/@polkadot/x-bigint/-/x-bigint-10.1.11.tgz"
  "version" "10.1.11"
  dependencies:
    "@babel/runtime" "^7.19.4"
    "@polkadot/x-global" "10.1.11"

"@polkadot/x-fetch@^10.1.1", "@polkadot/x-fetch@^10.1.11":
  "integrity" "sha512-WtyUr9itVD9BLnxCUloJ1iwrXOY/lnlEShEYKHcSm6MIHtbJolePd3v1+o5mOX+bdDbHXhPZnH8anCCqDNDRqg=="
  "resolved" "https://registry.npmjs.org/@polkadot/x-fetch/-/x-fetch-10.1.11.tgz"
  "version" "10.1.11"
  dependencies:
    "@babel/runtime" "^7.19.4"
    "@polkadot/x-global" "10.1.11"
    "@types/node-fetch" "^2.6.2"
    "node-fetch" "^3.2.10"

"@polkadot/x-global@^10.1.1", "@polkadot/x-global@^10.1.11", "@polkadot/x-global@^10.1.5", "@polkadot/x-global@10.1.11":
  "integrity" "sha512-bWz5gdcELy6+xfr27R1GE5MPX4nfVlchzHQH+DR6OBbSi9g/PeycQAvFB6IkTmP+YEbNNtIpxnSP37zoUaG3xw=="
  "resolved" "https://registry.npmjs.org/@polkadot/x-global/-/x-global-10.1.11.tgz"
  "version" "10.1.11"
  dependencies:
    "@babel/runtime" "^7.19.4"

"@polkadot/x-global@7.9.2":
  "integrity" "sha512-JX5CrGWckHf1P9xKXq4vQCAuMUbL81l2hOWX7xeP8nv4caHEpmf5T1wD1iMdQBL5PFifo6Pg0V6/oZBB+bts7A=="
  "resolved" "https://registry.npmjs.org/@polkadot/x-global/-/x-global-7.9.2.tgz"
  "version" "7.9.2"
  dependencies:
    "@babel/runtime" "^7.16.3"

"@polkadot/x-randomvalues@*", "@polkadot/x-randomvalues@7.9.2":
  "integrity" "sha512-svQfG31yCXf6yVyIgP0NgCzEy7oc3Lw054ZspkaqjOivxYdrXaf5w3JSSUyM/MRjI2+nk+B/EyJoMYcfSwTfsQ=="
  "resolved" "https://registry.npmjs.org/@polkadot/x-randomvalues/-/x-randomvalues-7.9.2.tgz"
  "version" "7.9.2"
  dependencies:
    "@babel/runtime" "^7.16.3"
    "@polkadot/x-global" "7.9.2"

"@polkadot/x-randomvalues@10.1.11":
  "integrity" "sha512-V2V37f5hoM5B32eCpGw87Lwstin2+ArXhOZ8ENKncbQLXzbF9yTODueDoA5Vt0MJCs2CDP9cyiCYykcanqVkxg=="
  "resolved" "https://registry.npmjs.org/@polkadot/x-randomvalues/-/x-randomvalues-10.1.11.tgz"
  "version" "10.1.11"
  dependencies:
    "@babel/runtime" "^7.19.4"
    "@polkadot/x-global" "10.1.11"

"@polkadot/x-textdecoder@10.1.11":
  "integrity" "sha512-QZqie04SR6pAj260PaLBfZUGXWKI357t4ROVJhpaj06qc1zrk1V8Mwkr49+WzjAPFEOqo70HWnzXmPNCH4dQiw=="
  "resolved" "https://registry.npmjs.org/@polkadot/x-textdecoder/-/x-textdecoder-10.1.11.tgz"
  "version" "10.1.11"
  dependencies:
    "@babel/runtime" "^7.19.4"
    "@polkadot/x-global" "10.1.11"

"@polkadot/x-textdecoder@7.9.2":
  "integrity" "sha512-wfwbSHXPhrOAl12QvlIOGNkMH/N/h8PId2ytIjvM/8zPPFB5Il6DWSFLtVapOGEpIFjEWbd5t8Td4pHBVXIEbg=="
  "resolved" "https://registry.npmjs.org/@polkadot/x-textdecoder/-/x-textdecoder-7.9.2.tgz"
  "version" "7.9.2"
  dependencies:
    "@babel/runtime" "^7.16.3"
    "@polkadot/x-global" "7.9.2"

"@polkadot/x-textencoder@10.1.11":
  "integrity" "sha512-UX+uV9AbDID81waaG/NvTkkf7ZNVW7HSHaddgbWjQEVW2Ex4ByccBarY5jEi6cErEPKfzCamKhgXflu0aV9LWw=="
  "resolved" "https://registry.npmjs.org/@polkadot/x-textencoder/-/x-textencoder-10.1.11.tgz"
  "version" "10.1.11"
  dependencies:
    "@babel/runtime" "^7.19.4"
    "@polkadot/x-global" "10.1.11"

"@polkadot/x-textencoder@7.9.2":
  "integrity" "sha512-A19wwYINuZwU2dUyQ/mMzB0ISjyfc4cISfL4zCMUAVgj7xVoXMYV2GfjNdMpA8Wsjch3su6pxLbtJ2wU03sRTQ=="
  "resolved" "https://registry.npmjs.org/@polkadot/x-textencoder/-/x-textencoder-7.9.2.tgz"
  "version" "7.9.2"
  dependencies:
    "@babel/runtime" "^7.16.3"
    "@polkadot/x-global" "7.9.2"

"@polkadot/x-ws@^10.1.1", "@polkadot/x-ws@^10.1.11":
  "integrity" "sha512-EUbL/R1A/NxYf6Rnb1M7U9yeTuo5r4y2vcQllE5aBLaQ0cFnRykHzlmZlVX1E7O5uy3lYVdxWC7sNgxItIWkWA=="
  "resolved" "https://registry.npmjs.org/@polkadot/x-ws/-/x-ws-10.1.11.tgz"
  "version" "10.1.11"
  dependencies:
    "@babel/runtime" "^7.19.4"
    "@polkadot/x-global" "10.1.11"
    "@types/websocket" "^1.0.5"
    "websocket" "^1.0.34"

"@scure/base@1.1.1":
  "integrity" "sha512-ZxOhsSyxYwLJj3pLZCefNitxsj093tb2vq90mp2txoYeBqbcjDjqFhyM8eUjq/uFm6zJ+mUuqxlS2FkuSY1MTA=="
  "resolved" "https://registry.npmjs.org/@scure/base/-/base-1.1.1.tgz"
  "version" "1.1.1"

"@substrate/connect-extension-protocol@^1.0.1":
  "integrity" "sha512-161JhCC1csjH3GE5mPLEd7HbWtwNSPJBg3p1Ksz9SFlTzj/bgEwudiRN2y5i0MoLGCIJRYKyKGMxVnd29PzNjg=="
  "resolved" "https://registry.npmjs.org/@substrate/connect-extension-protocol/-/connect-extension-protocol-1.0.1.tgz"
  "version" "1.0.1"

"@substrate/connect@0.7.15":
  "integrity" "sha512-dGE7oCXn+3LDlSKJ29ae1SmnpkMBakaYrN8muAB+w9Gx11dNM1mHssuEwsgudLA1S6Dt4NIu7d6qlZ+OjHGlYA=="
  "resolved" "https://registry.npmjs.org/@substrate/connect/-/connect-0.7.15.tgz"
  "version" "0.7.15"
  dependencies:
    "@substrate/connect-extension-protocol" "^1.0.1"
    "@substrate/smoldot-light" "0.7.2"
    "eventemitter3" "^4.0.7"

"@substrate/connect@0.7.9":
  "integrity" "sha512-E6bdBhzsfHNAKlmQSvbTW1jyb0WcIvgbrEBfJ4B6FZ3t1wpGjldL6GrYtegVtKr9/ySQ/pFNn0uVbugukpMDjQ=="
  "resolved" "https://registry.npmjs.org/@substrate/connect/-/connect-0.7.9.tgz"
  "version" "0.7.9"
  dependencies:
    "@substrate/connect-extension-protocol" "^1.0.1"
    "@substrate/smoldot-light" "0.6.25"
    "eventemitter3" "^4.0.7"

"@substrate/smoldot-light@0.6.25":
  "integrity" "sha512-OQ9/bnJJy90xSRg5Vp9MIvrgbrVt/r/FwXYSmyLeBBNbJt6o1gSeshVo8icD+2VWwd/TJ2oHl5CVQWe89MyByA=="
  "resolved" "https://registry.npmjs.org/@substrate/smoldot-light/-/smoldot-light-0.6.25.tgz"
  "version" "0.6.25"
  dependencies:
    "websocket" "^1.0.32"

"@substrate/smoldot-light@0.7.2":
  "integrity" "sha512-AweZghbBOUiEf/dlNCVLDcDUy3qkjWuSmKfFZYBeV/CbkN73tJAJSBzOy4MVl3WM8cLDUOxDmc6uy8+5/IhmDA=="
  "resolved" "https://registry.npmjs.org/@substrate/smoldot-light/-/smoldot-light-0.7.2.tgz"
  "version" "0.7.2"
  dependencies:
    "pako" "^2.0.4"
    "ws" "^8.8.1"

"@substrate/ss58-registry@^1.33.0":
  "integrity" "sha512-DztMuMcEfu+tJrtIQIIp5gO8/XJZ8N8UwPObDCSNgrp7trtSkPJAUFB9qXaReXtN9UvTcVBMTWk6VPfFi04Wkg=="
  "resolved" "https://registry.npmjs.org/@substrate/ss58-registry/-/ss58-registry-1.33.0.tgz"
  "version" "1.33.0"

"@types/bn.js@^4.11.6":
  "integrity" "sha512-pqr857jrp2kPuO9uRjZ3PwnJTjoQy+fcdxvBTvHm6dkmEL9q+hDD/2j/0ELOBPtPnS8LjCX0gI9nbl8lVkadpg=="
  "resolved" "https://registry.npmjs.org/@types/bn.js/-/bn.js-4.11.6.tgz"
  "version" "4.11.6"
  dependencies:
    "@types/node" "*"

"@types/bn.js@^5.1.1":
  "integrity" "sha512-qNrYbZqMx0uJAfKnKclPh+dTwK33KfLHYqtyODwd5HnXOjnkhc4qgn3BrK6RWyGZm5+sIFE7Q7Vz6QQtJB7w7g=="
  "resolved" "https://registry.npmjs.org/@types/bn.js/-/bn.js-5.1.1.tgz"
  "version" "5.1.1"
  dependencies:
    "@types/node" "*"

"@types/node-fetch@^2.6.2":
  "integrity" "sha512-DHqhlq5jeESLy19TYhLakJ07kNumXWjcDdxXsLUMJZ6ue8VZJj4kLPQVE/2mdHh3xZziNF1xppu5lwmS53HR+A=="
  "resolved" "https://registry.npmjs.org/@types/node-fetch/-/node-fetch-2.6.2.tgz"
  "version" "2.6.2"
  dependencies:
    "@types/node" "*"
    "form-data" "^3.0.0"

"@types/node@*":
  "integrity" "sha512-LhFTglglr63mNXUSRYD8A+ZAIu5sFqNJ4Y2fPuY7UlrySJH87rRRlhtVmMHplmfk5WkoJGmDjE9oiTfyX94CpQ=="
  "resolved" "https://registry.npmjs.org/@types/node/-/node-18.11.7.tgz"
  "version" "18.11.7"

"@types/websocket@^1.0.5":
  "integrity" "sha512-NbsqiNX9CnEfC1Z0Vf4mE1SgAJ07JnRYcNex7AJ9zAVzmiGHmjKFEk7O4TJIsgv2B1sLEb6owKFZrACwdYngsQ=="
  "resolved" "https://registry.npmjs.org/@types/websocket/-/websocket-1.0.5.tgz"
  "version" "1.0.5"
  dependencies:
    "@types/node" "*"

"asynckit@^0.4.0":
  "integrity" "sha512-Oei9OH4tRh0YqU3GxhX79dM/mwVgvbZJaSNaRk+bshkj0S5cfHcgYakreBjrHwatXKbz+IoIdYLxrKim2MjW0Q=="
  "resolved" "https://registry.npmjs.org/asynckit/-/asynckit-0.4.0.tgz"
  "version" "0.4.0"

"blakejs@^1.1.1":
  "integrity" "sha512-QXUSXI3QVc/gJME0dBpXrag1kbzOqCjCX8/b54ntNyW6sjtoqxqRk3LTmXzaJoh71zMsDCjM+47jS7XiwN/+fQ=="
  "resolved" "https://registry.npmjs.org/blakejs/-/blakejs-1.2.1.tgz"
  "version" "1.2.1"

"bn.js@^4.11.9":
  "integrity" "sha512-c98Bf3tPniI+scsdk237ku1Dc3ujXQTSgyiPUDEOe7tRkhrqridvh8klBv0HCEso1OLOYcHuCv/cS6DNxKH+ZA=="
  "resolved" "https://registry.npmjs.org/bn.js/-/bn.js-4.12.0.tgz"
  "version" "4.12.0"

"bn.js@^4.12.0":
  "integrity" "sha512-c98Bf3tPniI+scsdk237ku1Dc3ujXQTSgyiPUDEOe7tRkhrqridvh8klBv0HCEso1OLOYcHuCv/cS6DNxKH+ZA=="
  "resolved" "https://registry.npmjs.org/bn.js/-/bn.js-4.12.0.tgz"
  "version" "4.12.0"

"bn.js@^5.2.1":
  "integrity" "sha512-eXRvHzWyYPBuB4NBy0cmYQjGitUrtqwbvlzP3G6VFnNRbsZQIxQ10PbKKHt8gZ/HW/D/747aDl+QkDqg3KQLMQ=="
  "resolved" "https://registry.npmjs.org/bn.js/-/bn.js-5.2.1.tgz"
  "version" "5.2.1"

"brorand@^1.1.0":
  "integrity" "sha512-cKV8tMCEpQs4hK/ik71d6LrPOnpkpGBR0wzxqr68g2m/LB2GxVYQroAjMJZRVM1Y4BCjCKc3vAamxSzOY2RP+w=="
  "resolved" "https://registry.npmjs.org/brorand/-/brorand-1.1.0.tgz"
  "version" "1.1.0"

"bufferutil@^4.0.1":
  "integrity" "sha512-kukuqc39WOHtdxtw4UScxF/WVnMFVSQVKhtx3AjZJzhd0RGZZldcrfSEbVsWWe6KNH253574cq5F+wpv0G9pJw=="
  "resolved" "https://registry.npmjs.org/bufferutil/-/bufferutil-4.0.7.tgz"
  "version" "4.0.7"
  dependencies:
    "node-gyp-build" "^4.3.0"

"camelcase@^6.2.1":
  "integrity" "sha512-Gmy6FhYlCY7uOElZUSbxo2UCDH8owEk996gkbrpsgGtrJLM3J7jGxl9Ic7Qwwj4ivOE5AWZWRMecDdF7hqGjFA=="
  "resolved" "https://registry.npmjs.org/camelcase/-/camelcase-6.3.0.tgz"
  "version" "6.3.0"

"cipher-base@^1.0.1":
  "integrity" "sha512-Kkht5ye6ZGmwv40uUDZztayT2ThLQGfnj/T71N/XzeZeo3nf8foyW7zGTsPYkEya3m5f3cAypH+qe7YOrM1U2Q=="
  "resolved" "https://registry.npmjs.org/cipher-base/-/cipher-base-1.0.4.tgz"
  "version" "1.0.4"
  dependencies:
    "inherits" "^2.0.1"
    "safe-buffer" "^5.0.1"

"combined-stream@^1.0.8":
  "integrity" "sha512-FQN4MRfuJeHf7cBbBMJFXhKSDq+2kAArBlmRBvcvFE5BB1HZKXtSFASDhdlz9zOYwxh8lDdnvmMOe/+5cdoEdg=="
  "resolved" "https://registry.npmjs.org/combined-stream/-/combined-stream-1.0.8.tgz"
  "version" "1.0.8"
  dependencies:
    "delayed-stream" "~1.0.0"

"create-hash@^1.2.0":
  "integrity" "sha512-z00bCGNHDG8mHAkP7CtT1qVu+bFQUPjYq/4Iv3C3kWjTFV10zIjfSoeqXo9Asws8gwSHDGj/hl2u4OGIjapeCg=="
  "resolved" "https://registry.npmjs.org/create-hash/-/create-hash-1.2.0.tgz"
  "version" "1.2.0"
  dependencies:
    "cipher-base" "^1.0.1"
    "inherits" "^2.0.1"
    "md5.js" "^1.3.4"
    "ripemd160" "^2.0.1"
    "sha.js" "^2.4.0"

"cuint@^0.2.2":
  "integrity" "sha512-d4ZVpCW31eWwCMe1YT3ur7mUDnTXbgwyzaL320DrcRT45rfjYxkt5QWLrmOJ+/UEAI2+fQgKe/fCjR8l4TpRgw=="
  "resolved" "https://registry.npmjs.org/cuint/-/cuint-0.2.2.tgz"
  "version" "0.2.2"

"d@^1.0.1", "d@1":
  "integrity" "sha512-m62ShEObQ39CfralilEQRjH6oAMtNCV1xJyEx5LpRYUVN+EviphDgUc/F3hnYbADmkiNs67Y+3ylmlG7Lnu+FA=="
  "resolved" "https://registry.npmjs.org/d/-/d-1.0.1.tgz"
  "version" "1.0.1"
  dependencies:
    "es5-ext" "^0.10.50"
    "type" "^1.0.1"

"data-uri-to-buffer@^4.0.0":
  "integrity" "sha512-Vr3mLBA8qWmcuschSLAOogKgQ/Jwxulv3RNE4FXnYWRGujzrRWQI4m12fQqRkwX06C0KanhLr4hK+GydchZsaA=="
  "resolved" "https://registry.npmjs.org/data-uri-to-buffer/-/data-uri-to-buffer-4.0.0.tgz"
  "version" "4.0.0"

"debug@^2.2.0":
  "integrity" "sha512-bC7ElrdJaJnPbAP+1EotYvqZsb3ecl5wi6Bfi6BJTUcNowp6cvspg0jXznRTKDjm/E7AdgFBVeAPVMNcKGsHMA=="
  "resolved" "https://registry.npmjs.org/debug/-/debug-2.6.9.tgz"
  "version" "2.6.9"
  dependencies:
    "ms" "2.0.0"

"debug@^4.1.0":
  "integrity" "sha512-PRWFHuSU3eDtQJPvnNY7Jcket1j0t5OuOsFzPPzsekD52Zl8qUfFIPEiswXqIvHWGVHOgX+7G/vCNNhehwxfkQ=="
  "resolved" "https://registry.npmjs.org/debug/-/debug-4.3.4.tgz"
  "version" "4.3.4"
  dependencies:
    "ms" "2.1.2"

"delayed-stream@~1.0.0":
  "integrity" "sha512-ZySD7Nf91aLB0RxL4KGrKHBXl7Eds1DAmEdcoVawXnLD7SDhpNgtuII2aAkg7a7QS41jxPSZ17p4VdGnMHk3MQ=="
  "resolved" "https://registry.npmjs.org/delayed-stream/-/delayed-stream-1.0.0.tgz"
  "version" "1.0.0"

"ed2curve@^0.3.0":
  "integrity" "sha512-8w2fmmq3hv9rCrcI7g9hms2pMunQr1JINfcjwR9tAyZqhtyaMN991lF/ZfHfr5tzZQ8c7y7aBgZbjfbd0fjFwQ=="
  "resolved" "https://registry.npmjs.org/ed2curve/-/ed2curve-0.3.0.tgz"
  "version" "0.3.0"
  dependencies:
    "tweetnacl" "1.x.x"

"elliptic@^6.5.4":
  "integrity" "sha512-iLhC6ULemrljPZb+QutR5TQGB+pdW6KGD5RSegS+8sorOZT+rdQFbsQFJgvN3eRqNALqJer4oQ16YvJHlU8hzQ=="
  "resolved" "https://registry.npmjs.org/elliptic/-/elliptic-6.5.4.tgz"
  "version" "6.5.4"
  dependencies:
    "bn.js" "^4.11.9"
    "brorand" "^1.1.0"
    "hash.js" "^1.0.0"
    "hmac-drbg" "^1.0.1"
    "inherits" "^2.0.4"
    "minimalistic-assert" "^1.0.1"
    "minimalistic-crypto-utils" "^1.0.1"

"es5-ext@^0.10.35", "es5-ext@^0.10.50":
  "integrity" "sha512-BHLqn0klhEpnOKSrzn/Xsz2UIW8j+cGmo9JLzr8BiUapV8hPL9+FliFqjwr9ngW7jWdnxv6eO+/LqyhJVqgrjA=="
  "resolved" "https://registry.npmjs.org/es5-ext/-/es5-ext-0.10.62.tgz"
  "version" "0.10.62"
  dependencies:
    "es6-iterator" "^2.0.3"
    "es6-symbol" "^3.1.3"
    "next-tick" "^1.1.0"

"es6-iterator@^2.0.3":
  "integrity" "sha512-zw4SRzoUkd+cl+ZoE15A9o1oQd920Bb0iOJMQkQhl3jNc03YqVjAhG7scf9C5KWRU/R13Orf588uCC6525o02g=="
  "resolved" "https://registry.npmjs.org/es6-iterator/-/es6-iterator-2.0.3.tgz"
  "version" "2.0.3"
  dependencies:
    "d" "1"
    "es5-ext" "^0.10.35"
    "es6-symbol" "^3.1.1"

"es6-symbol@^3.1.1", "es6-symbol@^3.1.3":
  "integrity" "sha512-NJ6Yn3FuDinBaBRWl/q5X/s4koRHBrgKAu+yGI6JCBeiu3qrcbJhwT2GeR/EXVfylRk8dpQVJoLEFhK+Mu31NA=="
  "resolved" "https://registry.npmjs.org/es6-symbol/-/es6-symbol-3.1.3.tgz"
  "version" "3.1.3"
  dependencies:
    "d" "^1.0.1"
    "ext" "^1.1.2"

"eventemitter3@^4.0.7":
  "integrity" "sha512-8guHBZCwKnFhYdHr2ysuRWErTwhoN2X8XELRlrRwpmfeY2jjuUN4taQMsULKUVo1K4DvZl+0pgfyoysHxvmvEw=="
  "resolved" "https://registry.npmjs.org/eventemitter3/-/eventemitter3-4.0.7.tgz"
  "version" "4.0.7"

"ext@^1.1.2":
  "integrity" "sha512-6hxeJYaL110a9b5TEJSj0gojyHQAmA2ch5Os+ySCiA1QGdS697XWY1pzsrSjqA9LDEEgdB/KypIlR59RcLuHYw=="
  "resolved" "https://registry.npmjs.org/ext/-/ext-1.7.0.tgz"
  "version" "1.7.0"
  dependencies:
    "type" "^2.7.2"

"fetch-blob@^3.1.2", "fetch-blob@^3.1.4":
  "integrity" "sha512-7yAQpD2UMJzLi1Dqv7qFYnPbaPx7ZfFK6PiIxQ4PfkGPyNyl2Ugx+a/umUonmKqjhM4DnfbMvdX6otXq83soQQ=="
  "resolved" "https://registry.npmjs.org/fetch-blob/-/fetch-blob-3.2.0.tgz"
  "version" "3.2.0"
  dependencies:
    "node-domexception" "^1.0.0"
    "web-streams-polyfill" "^3.0.3"

"form-data@^3.0.0":
  "integrity" "sha512-RHkBKtLWUVwd7SqRIvCZMEvAMoGUp0XU+seQiZejj0COz3RI3hWP4sCv3gZWWLjJTd7rGwcsF5eKZGii0r/hbg=="
  "resolved" "https://registry.npmjs.org/form-data/-/form-data-3.0.1.tgz"
  "version" "3.0.1"
  dependencies:
    "asynckit" "^0.4.0"
    "combined-stream" "^1.0.8"
    "mime-types" "^2.1.12"

"formdata-polyfill@^4.0.10":
  "integrity" "sha512-buewHzMvYL29jdeQTVILecSaZKnt/RJWjoZCF5OW60Z67/GmSLBkOFM7qh1PI3zFNtJbaZL5eQu1vLfazOwj4g=="
  "resolved" "https://registry.npmjs.org/formdata-polyfill/-/formdata-polyfill-4.0.10.tgz"
  "version" "4.0.10"
  dependencies:
    "fetch-blob" "^3.1.2"

"hash-base@^3.0.0":
  "integrity" "sha512-1nmYp/rhMDiE7AYkDw+lLwlAzz0AntGIe51F3RfFfEqyQ3feY2eI/NcwC6umIQVOASPMsWJLJScWKSSvzL9IVA=="
  "resolved" "https://registry.npmjs.org/hash-base/-/hash-base-3.1.0.tgz"
  "version" "3.1.0"
  dependencies:
    "inherits" "^2.0.4"
    "readable-stream" "^3.6.0"
    "safe-buffer" "^5.2.0"

"hash.js@^1.0.0", "hash.js@^1.0.3", "hash.js@^1.1.7":
  "integrity" "sha512-taOaskGt4z4SOANNseOviYDvjEJinIkRgmp7LbKP2YTTmVxWBl87s/uzK9r+44BclBSp2X7K1hqeNfz9JbBeXA=="
  "resolved" "https://registry.npmjs.org/hash.js/-/hash.js-1.1.7.tgz"
  "version" "1.1.7"
  dependencies:
    "inherits" "^2.0.3"
    "minimalistic-assert" "^1.0.1"

"hmac-drbg@^1.0.1":
  "integrity" "sha512-Tti3gMqLdZfhOQY1Mzf/AanLiqh1WTiJgEj26ZuYQ9fbkLomzGchCws4FyrSd4VkpBfiNhaE1On+lOz894jvXg=="
  "resolved" "https://registry.npmjs.org/hmac-drbg/-/hmac-drbg-1.0.1.tgz"
  "version" "1.0.1"
  dependencies:
    "hash.js" "^1.0.3"
    "minimalistic-assert" "^1.0.0"
    "minimalistic-crypto-utils" "^1.0.1"

"inherits@^2.0.1", "inherits@^2.0.3", "inherits@^2.0.4":
  "integrity" "sha512-k/vGaX4/Yla3WzyMCvTQOXYeIHvqOKtnqBduzTHpzpQZzAskKMhZ2K+EnBiSM9zGSoIFeMpXKxa4dYeZIQqewQ=="
  "resolved" "https://registry.npmjs.org/inherits/-/inherits-2.0.4.tgz"
  "version" "2.0.4"

"ip-regex@^4.3.0":
  "integrity" "sha512-B9ZWJxHHOHUhUjCPrMpLD4xEq35bUTClHM1S6CBU5ixQnkZmwipwgc96vAd7AAGM9TGHvJR+Uss+/Ak6UphK+Q=="
  "resolved" "https://registry.npmjs.org/ip-regex/-/ip-regex-4.3.0.tgz"
  "version" "4.3.0"

"is-typedarray@^1.0.0":
  "integrity" "sha512-cyA56iCMHAh5CdzjJIa4aohJyeO1YbwLi3Jc35MmRU6poroFjIGZzUzupGiRPOjgHg9TLu43xbpwXk523fMxKA=="
  "resolved" "https://registry.npmjs.org/is-typedarray/-/is-typedarray-1.0.0.tgz"
  "version" "1.0.0"

"js-sha3@^0.8.0":
  "integrity" "sha512-gF1cRrHhIzNfToc802P800N8PpXS+evLLXfsVpowqmAFR9uwbi89WvXg2QspOmXL8QL86J4T1EpFu+yUkwJY3Q=="
  "resolved" "https://registry.npmjs.org/js-sha3/-/js-sha3-0.8.0.tgz"
  "version" "0.8.0"

"json-stringify-safe@^5.0.1":
  "integrity" "sha512-ZClg6AaYvamvYEE82d3Iyd3vSSIjQ+odgjaTzRuO3s7toCdFKczob2i0zCh7JE8kWn17yvAWhUVxvqGwUalsRA=="
  "resolved" "https://registry.npmjs.org/json-stringify-safe/-/json-stringify-safe-5.0.1.tgz"
  "version" "5.0.1"

"lodash@^4.17.21":
  "integrity" "sha512-v2kDEe57lecTulaDIuNTPy3Ry4gLGJ6Z1O3vE1krgXZNrsQ+LFTGHVxVjcXPs17LhbZVGedAJv8XZ1tvj5FvSg=="
  "resolved" "https://registry.npmjs.org/lodash/-/lodash-4.17.21.tgz"
  "version" "4.17.21"

"md5.js@^1.3.4":
  "integrity" "sha512-xitP+WxNPcTTOgnTJcrhM0xvdPepipPSf3I8EIpGKeFLjt3PlJLIDG3u8EX53ZIubkb+5U2+3rELYpEhHhzdkg=="
  "resolved" "https://registry.npmjs.org/md5.js/-/md5.js-1.3.5.tgz"
  "version" "1.3.5"
  dependencies:
    "hash-base" "^3.0.0"
    "inherits" "^2.0.1"
    "safe-buffer" "^5.1.2"

"micro-base@^0.9.0":
  "integrity" "sha512-4+tOMKidYT5nQ6/UNmYrGVO5PMcnJdfuR4NC8HK8s2H61B4itOhA9yrsjBdqGV7ecdtej36x3YSIfPLRmPrspg=="
  "resolved" "https://registry.npmjs.org/micro-base/-/micro-base-0.9.0.tgz"
  "version" "0.9.0"

"mime-db@1.52.0":
  "integrity" "sha512-sPU4uV7dYlvtWJxwwxHD0PuihVNiE7TyAbQ5SWxDCB9mUYvOgroQOwYQQOKPJ8CIbE+1ETVlOoK1UC2nU3gYvg=="
  "resolved" "https://registry.npmjs.org/mime-db/-/mime-db-1.52.0.tgz"
  "version" "1.52.0"

"mime-types@^2.1.12":
  "integrity" "sha512-ZDY+bPm5zTTF+YpCrAU9nK0UgICYPT0QtT1NZWFv4s++TNkcgVaT0g6+4R2uI4MjQjzysHB1zxuWL50hzaeXiw=="
  "resolved" "https://registry.npmjs.org/mime-types/-/mime-types-2.1.35.tgz"
  "version" "2.1.35"
  dependencies:
    "mime-db" "1.52.0"

"minimalistic-assert@^1.0.0", "minimalistic-assert@^1.0.1":
  "integrity" "sha512-UtJcAD4yEaGtjPezWuO9wC4nwUnVH/8/Im3yEHQP4b67cXlD/Qr9hdITCU1xDbSEXg2XKNaP8jsReV7vQd00/A=="
  "resolved" "https://registry.npmjs.org/minimalistic-assert/-/minimalistic-assert-1.0.1.tgz"
  "version" "1.0.1"

"minimalistic-crypto-utils@^1.0.1":
  "integrity" "sha512-JIYlbt6g8i5jKfJ3xz7rF0LXmv2TkDxBLUkiBeZ7bAx4GnnNMr8xFpGnOxn6GhTEHx3SjRrZEoU+j04prX1ktg=="
  "resolved" "https://registry.npmjs.org/minimalistic-crypto-utils/-/minimalistic-crypto-utils-1.0.1.tgz"
  "version" "1.0.1"

"mock-socket@^9.1.5":
  "integrity" "sha512-3DeNIcsQixWHHKk6NdoBhWI4t1VMj5/HzfnI1rE/pLl5qKx7+gd4DNA07ehTaZ6MoUU053si6Hd+YtiM/tQZfg=="
  "resolved" "https://registry.npmjs.org/mock-socket/-/mock-socket-9.1.5.tgz"
  "version" "9.1.5"

"ms@2.0.0":
  "integrity" "sha512-Tpp60P6IUJDTuOq/5Z8cdskzJujfwqfOTkrwIwj7IRISpnkJnT6SyJ4PCPnGMoFjC9ddhal5KVIYtAt97ix05A=="
  "resolved" "https://registry.npmjs.org/ms/-/ms-2.0.0.tgz"
  "version" "2.0.0"

"ms@2.1.2":
  "integrity" "sha512-sGkPx+VjMtmA6MX27oA4FBFELFCZZ4S4XqeGOXCv68tT+jb3vk/RyaKWP0PTKyWtmLSM0b+adUTEvbs1PEaH2w=="
  "resolved" "https://registry.npmjs.org/ms/-/ms-2.1.2.tgz"
  "version" "2.1.2"

"next-tick@^1.1.0":
  "integrity" "sha512-CXdUiJembsNjuToQvxayPZF9Vqht7hewsvy2sOWafLvi2awflj9mOC6bHIg50orX8IJvWKY9wYQ/zB2kogPslQ=="
  "resolved" "https://registry.npmjs.org/next-tick/-/next-tick-1.1.0.tgz"
  "version" "1.1.0"

"nock@^13.2.9":
  "integrity" "sha512-1+XfJNYF1cjGB+TKMWi29eZ0b82QOvQs2YoLNzbpWGqFMtRQHTa57osqdGj4FrFPgkO4D4AZinzUJR9VvW3QUA=="
  "resolved" "https://registry.npmjs.org/nock/-/nock-13.2.9.tgz"
  "version" "13.2.9"
  dependencies:
    "debug" "^4.1.0"
    "json-stringify-safe" "^5.0.1"
    "lodash" "^4.17.21"
    "propagate" "^2.0.0"

"node-domexception@^1.0.0":
  "integrity" "sha512-/jKZoMpw0F8GRwl4/eLROPA3cfcXtLApP0QzLmUT/HuPCZWyB7IY9ZrMeKw2O/nFIqPQB3PVM9aYm0F312AXDQ=="
  "resolved" "https://registry.npmjs.org/node-domexception/-/node-domexception-1.0.0.tgz"
  "version" "1.0.0"

"node-fetch@^3.2.10":
  "integrity" "sha512-MhuzNwdURnZ1Cp4XTazr69K0BTizsBroX7Zx3UgDSVcZYKF/6p0CBe4EUb/hLqmzVhl0UpYfgRljQ4yxE+iCxA=="
  "resolved" "https://registry.npmjs.org/node-fetch/-/node-fetch-3.2.10.tgz"
  "version" "3.2.10"
  dependencies:
    "data-uri-to-buffer" "^4.0.0"
    "fetch-blob" "^3.1.4"
    "formdata-polyfill" "^4.0.10"

"node-gyp-build@^4.3.0":
  "integrity" "sha512-2iGbaQBV+ITgCz76ZEjmhUKAKVf7xfY1sRl4UiKQspfZMH2h06SyhNsnSVy50cwkFQDGLyif6m/6uFXHkOZ6rg=="
  "resolved" "https://registry.npmjs.org/node-gyp-build/-/node-gyp-build-4.5.0.tgz"
  "version" "4.5.0"

"pako@^2.0.4":
  "integrity" "sha512-v8tweI900AUkZN6heMU/4Uy4cXRc2AYNRggVmTR+dEncawDJgCdLMximOVA2p4qO57WMynangsfGRb5WD6L1Bg=="
  "resolved" "https://registry.npmjs.org/pako/-/pako-2.0.4.tgz"
  "version" "2.0.4"

"propagate@^2.0.0":
  "integrity" "sha512-vGrhOavPSTz4QVNuBNdcNXePNdNMaO1xj9yBeH1ScQPjk/rhg9sSlCXPhMkFuaNNW/syTvYqsnbIJxMBfRbbag=="
  "resolved" "https://registry.npmjs.org/propagate/-/propagate-2.0.1.tgz"
  "version" "2.0.1"

"readable-stream@^3.6.0":
  "integrity" "sha512-BViHy7LKeTz4oNnkcLJ+lVSL6vpiFeX6/d3oSH8zCW7UxP2onchk+vTGB143xuFjHS3deTgkKoXXymXqymiIdA=="
  "resolved" "https://registry.npmjs.org/readable-stream/-/readable-stream-3.6.0.tgz"
  "version" "3.6.0"
  dependencies:
    "inherits" "^2.0.3"
    "string_decoder" "^1.1.1"
    "util-deprecate" "^1.0.1"

"regenerator-runtime@^0.13.10":
  "integrity" "sha512-KepLsg4dU12hryUO7bp/axHAKvwGOCV0sGloQtpagJ12ai+ojVDqkeGSiRX1zlq+kjIMZ1t7gpze+26QqtdGqw=="
  "resolved" "https://registry.npmjs.org/regenerator-runtime/-/regenerator-runtime-0.13.10.tgz"
  "version" "0.13.10"

"ripemd160@^2.0.1":
  "integrity" "sha512-ii4iagi25WusVoiC4B4lq7pbXfAp3D9v5CwfkY33vffw2+pkDjY1D8GaN7spsxvCSx8dkPqOZCEZyfxcmJG2IA=="
  "resolved" "https://registry.npmjs.org/ripemd160/-/ripemd160-2.0.2.tgz"
  "version" "2.0.2"
  dependencies:
    "hash-base" "^3.0.0"
    "inherits" "^2.0.1"

"rxjs@^7.5.6", "rxjs@^7.5.7":
  "integrity" "sha512-z9MzKh/UcOqB3i20H6rtrlaE/CgjLOvheWK/9ILrbhROGTweAi1BaFsTT9FbwZi5Trr1qNRs+MXkhmR06awzQA=="
  "resolved" "https://registry.npmjs.org/rxjs/-/rxjs-7.5.7.tgz"
  "version" "7.5.7"
  dependencies:
    "tslib" "^2.1.0"

"safe-buffer@^5.0.1", "safe-buffer@^5.1.2", "safe-buffer@^5.2.0", "safe-buffer@~5.2.0":
  "integrity" "sha512-rp3So07KcdmmKbGvgaNxQSJr7bGVSVk5S9Eq1F+ppbRo70+YeaDxkw5Dd8NPN+GD6bjnYm2VuPuCXmpuYvmCXQ=="
  "resolved" "https://registry.npmjs.org/safe-buffer/-/safe-buffer-5.2.1.tgz"
  "version" "5.2.1"

"scryptsy@^2.1.0":
  "integrity" "sha512-1CdSqHQowJBnMAFyPEBRfqag/YP9OF394FV+4YREIJX4ljD7OxvQRDayyoyyCk+senRjSkP6VnUNQmVQqB6g7w=="
  "resolved" "https://registry.npmjs.org/scryptsy/-/scryptsy-2.1.0.tgz"
  "version" "2.1.0"

"sha.js@^2.4.0":
  "integrity" "sha512-QMEp5B7cftE7APOjk5Y6xgrbWu+WkLVQwk8JNjZ8nKRciZaByEW6MubieAiToS7+dwvrjGhH8jRXz3MVd0AYqQ=="
  "resolved" "https://registry.npmjs.org/sha.js/-/sha.js-2.4.11.tgz"
  "version" "2.4.11"
  dependencies:
    "inherits" "^2.0.1"
    "safe-buffer" "^5.0.1"

"string_decoder@^1.1.1":
  "integrity" "sha512-hkRX8U1WjJFd8LsDJ2yQ/wWWxaopEsABU1XfkM8A+j0+85JAGppt16cr1Whg6KIbb4okU6Mql6BOj+uup/wKeA=="
  "resolved" "https://registry.npmjs.org/string_decoder/-/string_decoder-1.3.0.tgz"
  "version" "1.3.0"
  dependencies:
    "safe-buffer" "~5.2.0"

"tslib@^2.1.0":
  "integrity" "sha512-d6xOpEDfsi2CZVlPQzGeux8XMwLT9hssAsaPYExaQMuYskwb+x1x7J371tWlbBdWHroy99KnVB6qIkUbs5X3UQ=="
  "resolved" "https://registry.npmjs.org/tslib/-/tslib-2.4.0.tgz"
  "version" "2.4.0"

"tweetnacl@^1.0.3", "tweetnacl@1.x.x":
  "integrity" "sha512-6rt+RN7aOi1nGMyC4Xa5DdYiukl2UWCbcJft7YhxReBGQD7OAM8Pbxw6YMo4r2diNEA8FEmu32YOn9rhaiE5yw=="
  "resolved" "https://registry.npmjs.org/tweetnacl/-/tweetnacl-1.0.3.tgz"
  "version" "1.0.3"

"type@^1.0.1":
  "integrity" "sha512-+5nt5AAniqsCnu2cEQQdpzCAh33kVx8n0VoFidKpB1dVVLAN/F+bgVOqOJqOnEnrhp222clB5p3vUlD+1QAnfg=="
  "resolved" "https://registry.npmjs.org/type/-/type-1.2.0.tgz"
  "version" "1.2.0"

"type@^2.7.2":
  "integrity" "sha512-dzlvlNlt6AXU7EBSfpAscydQ7gXB+pPGsPnfJnZpiNJBDj7IaJzQlBZYGdEi4R9HmPdBv2XmWJ6YUtoTa7lmCw=="
  "resolved" "https://registry.npmjs.org/type/-/type-2.7.2.tgz"
  "version" "2.7.2"

"typedarray-to-buffer@^3.1.5":
  "integrity" "sha512-zdu8XMNEDepKKR+XYOXAVPtWui0ly0NtohUscw+UmaHiAWT8hrV1rr//H6V+0DvJ3OQ19S979M0laLfX8rm82Q=="
  "resolved" "https://registry.npmjs.org/typedarray-to-buffer/-/typedarray-to-buffer-3.1.5.tgz"
  "version" "3.1.5"
  dependencies:
    "is-typedarray" "^1.0.0"

"utf-8-validate@^5.0.2":
  "integrity" "sha512-Z6czzLq4u8fPOyx7TU6X3dvUZVvoJmxSQ+IcrlmagKhilxlhZgxPK6C5Jqbkw1IDUmFTM+cz9QDnnLTwDz/2gQ=="
  "resolved" "https://registry.npmjs.org/utf-8-validate/-/utf-8-validate-5.0.10.tgz"
  "version" "5.0.10"
  dependencies:
    "node-gyp-build" "^4.3.0"

"util-deprecate@^1.0.1":
  "integrity" "sha512-EPD5q1uXyFxJpCrLnCc1nHnq3gOa6DZBocAIiI2TaSCA7VCJ1UJDMagCzIkXNsUYfD1daK//LTEQ8xiIbrHtcw=="
  "resolved" "https://registry.npmjs.org/util-deprecate/-/util-deprecate-1.0.2.tgz"
  "version" "1.0.2"

"web-streams-polyfill@^3.0.3":
  "integrity" "sha512-e0MO3wdXWKrLbL0DgGnUV7WHVuw9OUvL4hjgnPkIeEvESk74gAITi5G606JtZPp39cd8HA9VQzCIvA49LpPN5Q=="
  "resolved" "https://registry.npmjs.org/web-streams-polyfill/-/web-streams-polyfill-3.2.1.tgz"
  "version" "3.2.1"

"websocket@^1.0.32", "websocket@^1.0.34":
  "integrity" "sha512-PRDso2sGwF6kM75QykIesBijKSVceR6jL2G8NGYyq2XrItNC2P5/qL5XeR056GhA+Ly7JMFvJb9I312mJfmqnQ=="
  "resolved" "https://registry.npmjs.org/websocket/-/websocket-1.0.34.tgz"
  "version" "1.0.34"
  dependencies:
    "bufferutil" "^4.0.1"
    "debug" "^2.2.0"
    "es5-ext" "^0.10.50"
    "typedarray-to-buffer" "^3.1.5"
    "utf-8-validate" "^5.0.2"
    "yaeti" "^0.0.6"

"ws@^8.8.1":
  "integrity" "sha512-+s49uSmZpvtAsd2h37vIPy1RBusaLawVe8of+GyEPsaJTCMpj/2v8NpeK1SHXjBlQ95lQTmQofOJnFiLoaN3yw=="
  "resolved" "https://registry.npmjs.org/ws/-/ws-8.10.0.tgz"
  "version" "8.10.0"

"xxhashjs@^0.2.2":
  "integrity" "sha512-AkTuIuVTET12tpsVIQo+ZU6f/qDmKuRUcjaqR+OIvm+aCBsZ95i7UVY5WJ9TMsSaZ0DA2WxoZ4acu0sPH+OKAw=="
  "resolved" "https://registry.npmjs.org/xxhashjs/-/xxhashjs-0.2.2.tgz"
  "version" "0.2.2"
  dependencies:
    "cuint" "^0.2.2"

"yaeti@^0.0.6":
  "integrity" "sha512-MvQa//+KcZCUkBTIC9blM+CU9J2GzuTytsOUwf2lidtvkx/6gnEp1QvJv34t9vdjhFmha/mUiNDbN0D0mJWdug=="
  "resolved" "https://registry.npmjs.org/yaeti/-/yaeti-0.0.6.tgz"
  "version" "0.0.6"
