# THIS IS AN AUTOGENERATED FILE. DO NOT EDIT THIS FILE DIRECTLY.
# yarn lockfile v1


"@noble/hashes@1.3.0":
  version "1.3.0"
  resolved "https://registry.npmjs.org/@noble/hashes/-/hashes-1.3.0.tgz"
  integrity sha512-ilHEACi9DwqJB0pw7kv+Apvh50jiiSyR/cQ3y4W7lOR5mhvn/50FLUfsnfJz0BDZtl/RR16kXvptiv6q1msYZg==

"@noble/secp256k1@1.7.1":
  version "1.7.1"
  resolved "https://registry.npmjs.org/@noble/secp256k1/-/secp256k1-1.7.1.tgz"
  integrity sha512-hOUk6AyBFmqVrv7k5WAw/LpszxVbj9gGN4JRkIX52fdFAj1UA61KXmZDvqVEm+pOyec3+fIeZB02LYa/pWOArw==

"@polkadot/api-augment@10.1.3":
  version "10.1.3"
  resolved "https://registry.npmjs.org/@polkadot/api-augment/-/api-augment-10.1.3.tgz"
  integrity sha512-aicAnMjo1cfPIteoAWtok7BHPwcPQ7g92+JSYqSYiJTM2H75f0Km1S3Fpw+8D7ShpGkXBws0cXRVWJ5UjoEtAA==
  dependencies:
    "@polkadot/api-base" "10.1.3"
    "@polkadot/rpc-augment" "10.1.3"
    "@polkadot/types" "10.1.3"
    "@polkadot/types-augment" "10.1.3"
    "@polkadot/types-codec" "10.1.3"
    "@polkadot/util" "^11.0.2"
    tslib "^2.5.0"

"@polkadot/api-base@10.1.3":
  version "10.1.3"
  resolved "https://registry.npmjs.org/@polkadot/api-base/-/api-base-10.1.3.tgz"
  integrity sha512-QDdRF/SFS4SrKbLQSyIzmmdzh/z7PLKQ6MwoWO4z35Fyajm8YENiZgytOiRavQWqODbZA+rapADuAOtpzxFCgA==
  dependencies:
    "@polkadot/rpc-core" "10.1.3"
    "@polkadot/types" "10.1.3"
    "@polkadot/util" "^11.0.2"
    rxjs "^7.8.0"
    tslib "^2.5.0"

"@polkadot/api-contract@10.1.3":
  version "10.1.3"
  resolved "https://registry.npmjs.org/@polkadot/api-contract/-/api-contract-10.1.3.tgz"
  integrity sha512-AMww9/tqClHl6WBlahSadUAn+Vya2ih8mLjvU3SQVrWu6FzXoDGAJU/+Ux5lxSLfYZprWN2EagVWx40zw1e5xw==
  dependencies:
    "@polkadot/api" "10.1.3"
    "@polkadot/types" "10.1.3"
    "@polkadot/types-codec" "10.1.3"
    "@polkadot/types-create" "10.1.3"
    "@polkadot/util" "^11.0.2"
    "@polkadot/util-crypto" "^11.0.2"
    rxjs "^7.8.0"
    tslib "^2.5.0"

"@polkadot/api-derive@10.1.3":
  version "10.1.3"
  resolved "https://registry.npmjs.org/@polkadot/api-derive/-/api-derive-10.1.3.tgz"
  integrity sha512-millT4dzUIbQbEgBpda6xjW1Crz0Z5PpVDKsxgtTg4PQPzBxoMqAGZozUgMWlKwx0k64oB7dlDSMip7cIczYCw==
  dependencies:
    "@polkadot/api" "10.1.3"
    "@polkadot/api-augment" "10.1.3"
    "@polkadot/api-base" "10.1.3"
    "@polkadot/rpc-core" "10.1.3"
    "@polkadot/types" "10.1.3"
    "@polkadot/types-codec" "10.1.3"
    "@polkadot/util" "^11.0.2"
    "@polkadot/util-crypto" "^11.0.2"
    rxjs "^7.8.0"
    tslib "^2.5.0"

"@polkadot/api@10.1.3":
  version "10.1.3"
  resolved "https://registry.npmjs.org/@polkadot/api/-/api-10.1.3.tgz"
  integrity sha512-iySXpiBG+QaKjE7oxOboWPo4VUHCTF+TRNwI343aV3fsFiX6Iaz+x5BiQJpDxHrKUYkKq5gP+JCG/96HtOEytA==
  dependencies:
    "@polkadot/api-augment" "10.1.3"
    "@polkadot/api-base" "10.1.3"
    "@polkadot/api-derive" "10.1.3"
    "@polkadot/keyring" "^11.0.2"
    "@polkadot/rpc-augment" "10.1.3"
    "@polkadot/rpc-core" "10.1.3"
    "@polkadot/rpc-provider" "10.1.3"
    "@polkadot/types" "10.1.3"
    "@polkadot/types-augment" "10.1.3"
    "@polkadot/types-codec" "10.1.3"
    "@polkadot/types-create" "10.1.3"
    "@polkadot/types-known" "10.1.3"
    "@polkadot/util" "^11.0.2"
    "@polkadot/util-crypto" "^11.0.2"
    eventemitter3 "^5.0.0"
    rxjs "^7.8.0"
    tslib "^2.5.0"

"@polkadot/keyring@^11.0.2":
  version "11.1.3"
  resolved "https://registry.npmjs.org/@polkadot/keyring/-/keyring-11.1.3.tgz"
  integrity sha512-bzGz1cWDYK7MWhp0630W6KOwTC/wsvKKHBvWxReMT7iQwFHeLn5AemUOveqIPxF+esd/UfdN5aFDHApjYcyZsg==
  dependencies:
    "@polkadot/util" "11.1.3"
    "@polkadot/util-crypto" "11.1.3"
    tslib "^2.5.0"

"@polkadot/networks@11.1.3", "@polkadot/networks@^11.0.2":
  version "11.1.3"
  resolved "https://registry.npmjs.org/@polkadot/networks/-/networks-11.1.3.tgz"
  integrity sha512-goLpX9SswAGGeh1jXB79wHEfWOF5rLIItMHYalujBmhQVxyAqbxP2tzQqPQXDLcnkWbgwkyYGLXaDD72GBqHZw==
  dependencies:
    "@polkadot/util" "11.1.3"
    "@substrate/ss58-registry" "^1.39.0"
    tslib "^2.5.0"

"@polkadot/rpc-augment@10.1.3":
  version "10.1.3"
  resolved "https://registry.npmjs.org/@polkadot/rpc-augment/-/rpc-augment-10.1.3.tgz"
  integrity sha512-9pkAp8ipQ0/UulPoX2Xnt/QRAEsPoMbw5aABB38EymVERbx5jCnCcAZAqdKTNAK8TkI2KS2LY5qF96khxU/iww==
  dependencies:
    "@polkadot/rpc-core" "10.1.3"
    "@polkadot/types" "10.1.3"
    "@polkadot/types-codec" "10.1.3"
    "@polkadot/util" "^11.0.2"
    tslib "^2.5.0"

"@polkadot/rpc-core@10.1.3":
  version "10.1.3"
  resolved "https://registry.npmjs.org/@polkadot/rpc-core/-/rpc-core-10.1.3.tgz"
  integrity sha512-EcCTeQUyaj0qP/rDZp3Z477pHqWhbZRb8HXAxPBs368V//ePTAc7+duzpFauPuyG1OaZm1EF+S282UapI//lNA==
  dependencies:
    "@polkadot/rpc-augment" "10.1.3"
    "@polkadot/rpc-provider" "10.1.3"
    "@polkadot/types" "10.1.3"
    "@polkadot/util" "^11.0.2"
    rxjs "^7.8.0"
    tslib "^2.5.0"

"@polkadot/rpc-provider@10.1.3":
  version "10.1.3"
  resolved "https://registry.npmjs.org/@polkadot/rpc-provider/-/rpc-provider-10.1.3.tgz"
  integrity sha512-EjpMc+AYw2uzV+h5FiEp7Qis9W4DlurTZJ7eDYFPh+moFzynOB63C3HncQFfPFIxlfZfnes2vAV3PCdCNfaqmQ==
  dependencies:
    "@polkadot/keyring" "^11.0.2"
    "@polkadot/types" "10.1.3"
    "@polkadot/types-support" "10.1.3"
    "@polkadot/util" "^11.0.2"
    "@polkadot/util-crypto" "^11.0.2"
    "@polkadot/x-fetch" "^11.0.2"
    "@polkadot/x-global" "^11.0.2"
    "@polkadot/x-ws" "^11.0.2"
    eventemitter3 "^5.0.0"
    mock-socket "^9.2.1"
    nock "^13.3.0"
    tslib "^2.5.0"
  optionalDependencies:
    "@substrate/connect" "0.7.20"

"@polkadot/types-augment@10.1.3":
  version "10.1.3"
  resolved "https://registry.npmjs.org/@polkadot/types-augment/-/types-augment-10.1.3.tgz"
  integrity sha512-OP41otAl3/MYA+nM/AoTsqWi2SZMLd/vhw4Y9L6VLQ0FFCy3WLXtrSAMz4yBf+Z29349jG+e/HTA7Y7jPMoAVA==
  dependencies:
    "@polkadot/types" "10.1.3"
    "@polkadot/types-codec" "10.1.3"
    "@polkadot/util" "^11.0.2"
    tslib "^2.5.0"

"@polkadot/types-codec@10.1.3":
  version "10.1.3"
  resolved "https://registry.npmjs.org/@polkadot/types-codec/-/types-codec-10.1.3.tgz"
  integrity sha512-Sx1O+sSFoywyZMY9xs5TiK+/kGne/EqiyJNjKlaMzlrbByQyjDfhYyyaFLZ1T62QJXNn3jP+XP1N62Q/Nqi/Hw==
  dependencies:
    "@polkadot/util" "^11.0.2"
    "@polkadot/x-bigint" "^11.0.2"
    tslib "^2.5.0"

"@polkadot/types-create@10.1.3":
  version "10.1.3"
  resolved "https://registry.npmjs.org/@polkadot/types-create/-/types-create-10.1.3.tgz"
  integrity sha512-jU8C1i987x/irUa8IwKkaEFdd8rUQ2XltIC5tpU6YxEgFPQ5DQdNNXmBH+eHIlsy4fnsvWTXu0nqV2c6uEyjkw==
  dependencies:
    "@polkadot/types-codec" "10.1.3"
    "@polkadot/util" "^11.0.2"
    tslib "^2.5.0"

"@polkadot/types-known@10.1.3":
  version "10.1.3"
  resolved "https://registry.npmjs.org/@polkadot/types-known/-/types-known-10.1.3.tgz"
  integrity sha512-JMKfyrxKPRKPWdmPFNPzy933nFktwjpSkGYAZq8CbgvI6lXwIEcFxUcBUzsVbx383GP+0zJ+GXOcV5UGUkJuhQ==
  dependencies:
    "@polkadot/networks" "^11.0.2"
    "@polkadot/types" "10.1.3"
    "@polkadot/types-codec" "10.1.3"
    "@polkadot/types-create" "10.1.3"
    "@polkadot/util" "^11.0.2"
    tslib "^2.5.0"

"@polkadot/types-support@10.1.3":
  version "10.1.3"
  resolved "https://registry.npmjs.org/@polkadot/types-support/-/types-support-10.1.3.tgz"
  integrity sha512-gr57Au6yxrkJ7+TPqkK1eBk8cEuxp2V7cHqZ0j3u/McWDS2kAWbzXbd6Rj3mggMjuoSOSqWrG2OHLcaoPUCI/w==
  dependencies:
    "@polkadot/util" "^11.0.2"
    tslib "^2.5.0"

"@polkadot/types@10.1.3":
  version "10.1.3"
  resolved "https://registry.npmjs.org/@polkadot/types/-/types-10.1.3.tgz"
  integrity sha512-GN1Q+nnxonLijO8AiyOWehWuPF1x4lqOEpOomEds6J6e3a4sbtwpbB0UTwAbfBG57mp6QyL5tEpQr7PV081tHg==
  dependencies:
    "@polkadot/keyring" "^11.0.2"
    "@polkadot/types-augment" "10.1.3"
    "@polkadot/types-codec" "10.1.3"
    "@polkadot/types-create" "10.1.3"
    "@polkadot/util" "^11.0.2"
    "@polkadot/util-crypto" "^11.0.2"
    rxjs "^7.8.0"
    tslib "^2.5.0"

"@polkadot/util-crypto@11.1.3", "@polkadot/util-crypto@^11.0.2":
  version "11.1.3"
  resolved "https://registry.npmjs.org/@polkadot/util-crypto/-/util-crypto-11.1.3.tgz"
  integrity sha512-hjH1y6jXQuceJ2NWx7+ei0sR4A7t844XwlNquPxZX3kQbQS+1t6tO4Eo3/95JhPsEaJOXduus02cYEF6gteEYQ==
  dependencies:
    "@noble/hashes" "1.3.0"
    "@noble/secp256k1" "1.7.1"
    "@polkadot/networks" "11.1.3"
    "@polkadot/util" "11.1.3"
    "@polkadot/wasm-crypto" "^7.0.3"
    "@polkadot/x-bigint" "11.1.3"
    "@polkadot/x-randomvalues" "11.1.3"
    "@scure/base" "1.1.1"
    tslib "^2.5.0"
    tweetnacl "^1.0.3"

"@polkadot/util@11.1.3", "@polkadot/util@^11.0.2":
  version "11.1.3"
  resolved "https://registry.npmjs.org/@polkadot/util/-/util-11.1.3.tgz"
  integrity sha512-Gsqzv1/fSoypS5tnJkM+NJQeT7O4iYlSniubUJnaZVOKsIbueTS1bMQ1y3/h8ISxbKBtICW5cZ6zCej6Q/jC3w==
  dependencies:
    "@polkadot/x-bigint" "11.1.3"
    "@polkadot/x-global" "11.1.3"
    "@polkadot/x-textdecoder" "11.1.3"
    "@polkadot/x-textencoder" "11.1.3"
    "@types/bn.js" "^5.1.1"
    bn.js "^5.2.1"
    tslib "^2.5.0"

"@polkadot/wasm-bridge@7.1.2":
  version "7.1.2"
  resolved "https://registry.npmjs.org/@polkadot/wasm-bridge/-/wasm-bridge-7.1.2.tgz"
  integrity sha512-6t8b1el/03b30ZFKVFYU5pQEx9OeDZ3GBndgZ5b6fMNFRoowFWTwx74HLqhXlQb+hOTjGJA70jHdxkplh1sO3A==
  dependencies:
    "@polkadot/wasm-util" "7.1.2"
    tslib "^2.5.0"

"@polkadot/wasm-crypto-asmjs@7.1.2":
  version "7.1.2"
  resolved "https://registry.npmjs.org/@polkadot/wasm-crypto-asmjs/-/wasm-crypto-asmjs-7.1.2.tgz"
  integrity sha512-Gdb824MoeWjESv7fu57Dqpvmx7FR2zhM2Os34/H8s1LcZ8m5qUxvm22kjtq+6DRJlGo7KxpS0OA4xCbSDDe0rA==
  dependencies:
    tslib "^2.5.0"

"@polkadot/wasm-crypto-init@7.1.2":
  version "7.1.2"
  resolved "https://registry.npmjs.org/@polkadot/wasm-crypto-init/-/wasm-crypto-init-7.1.2.tgz"
  integrity sha512-jqeK04MYofvCU7kFMJDoKUM9SjfDEBDizIxgurxAZZvF4jMOhgStZTLTr9QkKTOMTrMUE9PWRMzrnDM/Od3kzA==
  dependencies:
    "@polkadot/wasm-bridge" "7.1.2"
    "@polkadot/wasm-crypto-asmjs" "7.1.2"
    "@polkadot/wasm-crypto-wasm" "7.1.2"
    "@polkadot/wasm-util" "7.1.2"
    tslib "^2.5.0"

"@polkadot/wasm-crypto-wasm@7.1.2":
  version "7.1.2"
  resolved "https://registry.npmjs.org/@polkadot/wasm-crypto-wasm/-/wasm-crypto-wasm-7.1.2.tgz"
  integrity sha512-p2RBfXc43r6rXkFo811LboSfRQFpCgOC6+ByqMs/geTA/+/I4l2ajz95aL6cQ20AA3W5x/ZwHxhwvmJ0HBjJ6A==
  dependencies:
    "@polkadot/wasm-util" "7.1.2"
    tslib "^2.5.0"

"@polkadot/wasm-crypto@^7.0.3":
  version "7.1.2"
  resolved "https://registry.npmjs.org/@polkadot/wasm-crypto/-/wasm-crypto-7.1.2.tgz"
  integrity sha512-DO5Xf5nA2mSVdWnRM+PLAVE/wcg9vZAQkSHHSE+/qDmDVCQYygksHOA8ecRvn8nGfMNZQ0rmlIlsgyvAEtX1pw==
  dependencies:
    "@polkadot/wasm-bridge" "7.1.2"
    "@polkadot/wasm-crypto-asmjs" "7.1.2"
    "@polkadot/wasm-crypto-init" "7.1.2"
    "@polkadot/wasm-crypto-wasm" "7.1.2"
    "@polkadot/wasm-util" "7.1.2"
    tslib "^2.5.0"

"@polkadot/wasm-util@7.1.2":
  version "7.1.2"
  resolved "https://registry.npmjs.org/@polkadot/wasm-util/-/wasm-util-7.1.2.tgz"
  integrity sha512-lHQJFG0iotgmUovXYcw/HM3QhGxtze6ozAgRMd0/maTQjYwbV/7z1NzEle9fBwxX6GijTnpWc1vzW+YU0O1lLw==
  dependencies:
    tslib "^2.5.0"

"@polkadot/x-bigint@11.1.3", "@polkadot/x-bigint@^11.0.2":
  version "11.1.3"
  resolved "https://registry.npmjs.org/@polkadot/x-bigint/-/x-bigint-11.1.3.tgz"
  integrity sha512-fRUUHfW9VFsXT7sLUUY7gSu8v+PvzNLRwvjnp+Ly8vFx9LTLuVGFCi+mpysuRTaPpqZZJlzBJ3fST7xTGh67Pg==
  dependencies:
    "@polkadot/x-global" "11.1.3"
    tslib "^2.5.0"

"@polkadot/x-fetch@^11.0.2":
  version "11.1.3"
  resolved "https://registry.npmjs.org/@polkadot/x-fetch/-/x-fetch-11.1.3.tgz"
  integrity sha512-+Z0RxxsN7+l2ZmmDdHqOo0kgqvjXJ1bw8CwTVnq3t9nPgZKn2pC3Fq3xdj/sRWiLuf/UhgCxKfYfMmt5ek4kIg==
  dependencies:
    "@polkadot/x-global" "11.1.3"
    node-fetch "^3.3.1"
    tslib "^2.5.0"

"@polkadot/x-global@11.1.3", "@polkadot/x-global@^11.0.2":
  version "11.1.3"
  resolved "https://registry.npmjs.org/@polkadot/x-global/-/x-global-11.1.3.tgz"
  integrity sha512-R3aqtIjgzFHJ3TyX6wavhp+59oLbZiqczIHkaas/nJe21+SVARqFmIII6BwS7ty7+8Uu4fHliA9re+ZSUp+rwg==
  dependencies:
    tslib "^2.5.0"

"@polkadot/x-randomvalues@11.1.3":
  version "11.1.3"
  resolved "https://registry.npmjs.org/@polkadot/x-randomvalues/-/x-randomvalues-11.1.3.tgz"
  integrity sha512-kZjbRgxokMR9UTodZQKs6s3C/Q2YgeizcxpDCghM/VdvQUE8OVBGNzduF7SvBvQyg2Qbg8jMcSxXOY7UgcOWSg==
  dependencies:
    "@polkadot/x-global" "11.1.3"
    tslib "^2.5.0"

"@polkadot/x-textdecoder@11.1.3":
  version "11.1.3"
  resolved "https://registry.npmjs.org/@polkadot/x-textdecoder/-/x-textdecoder-11.1.3.tgz"
  integrity sha512-NhOjuXVfYRMw9l0VhCtZOtcWefZth58p5KpVOrFyJZd12fTsoMO5/746K7QoAjWRrLQTJ/LHCEKCtWww0LwVPw==
  dependencies:
    "@polkadot/x-global" "11.1.3"
    tslib "^2.5.0"

"@polkadot/x-textencoder@11.1.3":
  version "11.1.3"
  resolved "https://registry.npmjs.org/@polkadot/x-textencoder/-/x-textencoder-11.1.3.tgz"
  integrity sha512-7DmqjlPN8aQexLUKwoHeadihpUnW8hjpXEru+aEDxjgq9XIxPvb++NeBK+Mra9RzzZRuiT/K5z16HlwKN//ewg==
  dependencies:
    "@polkadot/x-global" "11.1.3"
    tslib "^2.5.0"

"@polkadot/x-ws@^11.0.2":
  version "11.1.3"
  resolved "https://registry.npmjs.org/@polkadot/x-ws/-/x-ws-11.1.3.tgz"
  integrity sha512-omNU2mIVX997HiHm2YxEdJdyCFnv+oTyKWZd0+FdS47rdfhVwD+H9/bS+rtQ9lIqfhODdGmw3fG//gq1KpYJcw==
  dependencies:
    "@polkadot/x-global" "11.1.3"
    tslib "^2.5.0"
    ws "^8.13.0"

"@scure/base@1.1.1":
  version "1.1.1"
  resolved "https://registry.npmjs.org/@scure/base/-/base-1.1.1.tgz"
  integrity sha512-ZxOhsSyxYwLJj3pLZCefNitxsj093tb2vq90mp2txoYeBqbcjDjqFhyM8eUjq/uFm6zJ+mUuqxlS2FkuSY1MTA==

"@substrate/connect-extension-protocol@^1.0.1":
  version "1.0.1"
  resolved "https://registry.npmjs.org/@substrate/connect-extension-protocol/-/connect-extension-protocol-1.0.1.tgz"
  integrity sha512-161JhCC1csjH3GE5mPLEd7HbWtwNSPJBg3p1Ksz9SFlTzj/bgEwudiRN2y5i0MoLGCIJRYKyKGMxVnd29PzNjg==

"@substrate/connect@0.7.20":
  version "0.7.20"
  resolved "https://registry.npmjs.org/@substrate/connect/-/connect-0.7.20.tgz"
  integrity sha512-f/sMgGUikJxDaNMkQXCU/1WaMy0MLJB+KS+P+CpsIhWyxj2dOcph5YXjAJiIlgrZqHImV28RJnraxXBD3AlmLQ==
  dependencies:
    "@substrate/connect-extension-protocol" "^1.0.1"
    eventemitter3 "^4.0.7"
    smoldot "0.7.11"

"@substrate/ss58-registry@^1.39.0":
  version "1.40.0"
  resolved "https://registry.npmjs.org/@substrate/ss58-registry/-/ss58-registry-1.40.0.tgz"
  integrity sha512-QuU2nBql3J4KCnOWtWDw4n1K4JU0T79j54ZZvm/9nhsX6AIar13FyhsaBfs6QkJ2ixTQAnd7TocJIoJRWbqMZA==

"@types/bn.js@^5.1.1":
  version "5.1.1"
  resolved "https://registry.npmjs.org/@types/bn.js/-/bn.js-5.1.1.tgz"
  integrity sha512-qNrYbZqMx0uJAfKnKclPh+dTwK33KfLHYqtyODwd5HnXOjnkhc4qgn3BrK6RWyGZm5+sIFE7Q7Vz6QQtJB7w7g==
  dependencies:
    "@types/node" "*"

"@types/node@*":
  version "18.11.7"
  resolved "https://registry.npmjs.org/@types/node/-/node-18.11.7.tgz"
  integrity sha512-LhFTglglr63mNXUSRYD8A+ZAIu5sFqNJ4Y2fPuY7UlrySJH87rRRlhtVmMHplmfk5WkoJGmDjE9oiTfyX94CpQ==

bn.js@^5.2.1:
  version "5.2.1"
  resolved "https://registry.npmjs.org/bn.js/-/bn.js-5.2.1.tgz"
  integrity sha512-eXRvHzWyYPBuB4NBy0cmYQjGitUrtqwbvlzP3G6VFnNRbsZQIxQ10PbKKHt8gZ/HW/D/747aDl+QkDqg3KQLMQ==

data-uri-to-buffer@^4.0.0:
  version "4.0.0"
  resolved "https://registry.npmjs.org/data-uri-to-buffer/-/data-uri-to-buffer-4.0.0.tgz"
  integrity sha512-Vr3mLBA8qWmcuschSLAOogKgQ/Jwxulv3RNE4FXnYWRGujzrRWQI4m12fQqRkwX06C0KanhLr4hK+GydchZsaA==

debug@^4.1.0:
  version "4.3.4"
  resolved "https://registry.npmjs.org/debug/-/debug-4.3.4.tgz"
  integrity sha512-PRWFHuSU3eDtQJPvnNY7Jcket1j0t5OuOsFzPPzsekD52Zl8qUfFIPEiswXqIvHWGVHOgX+7G/vCNNhehwxfkQ==
  dependencies:
    ms "2.1.2"

eventemitter3@^4.0.7:
  version "4.0.7"
  resolved "https://registry.npmjs.org/eventemitter3/-/eventemitter3-4.0.7.tgz"
  integrity sha512-8guHBZCwKnFhYdHr2ysuRWErTwhoN2X8XELRlrRwpmfeY2jjuUN4taQMsULKUVo1K4DvZl+0pgfyoysHxvmvEw==

eventemitter3@^5.0.0:
  version "5.0.1"
  resolved "https://registry.npmjs.org/eventemitter3/-/eventemitter3-5.0.1.tgz"
  integrity sha512-GWkBvjiSZK87ELrYOSESUYeVIc9mvLLf/nXalMOS5dYrgZq9o5OVkbZAVM06CVxYsCwH9BDZFPlQTlPA1j4ahA==

fetch-blob@^3.1.2, fetch-blob@^3.1.4:
  version "3.2.0"
  resolved "https://registry.npmjs.org/fetch-blob/-/fetch-blob-3.2.0.tgz"
  integrity sha512-7yAQpD2UMJzLi1Dqv7qFYnPbaPx7ZfFK6PiIxQ4PfkGPyNyl2Ugx+a/umUonmKqjhM4DnfbMvdX6otXq83soQQ==
  dependencies:
    node-domexception "^1.0.0"
    web-streams-polyfill "^3.0.3"

formdata-polyfill@^4.0.10:
  version "4.0.10"
  resolved "https://registry.npmjs.org/formdata-polyfill/-/formdata-polyfill-4.0.10.tgz"
  integrity sha512-buewHzMvYL29jdeQTVILecSaZKnt/RJWjoZCF5OW60Z67/GmSLBkOFM7qh1PI3zFNtJbaZL5eQu1vLfazOwj4g==
  dependencies:
    fetch-blob "^3.1.2"

json-stringify-safe@^5.0.1:
  version "5.0.1"
  resolved "https://registry.npmjs.org/json-stringify-safe/-/json-stringify-safe-5.0.1.tgz"
  integrity sha512-ZClg6AaYvamvYEE82d3Iyd3vSSIjQ+odgjaTzRuO3s7toCdFKczob2i0zCh7JE8kWn17yvAWhUVxvqGwUalsRA==

lodash@^4.17.21:
  version "4.17.21"
  resolved "https://registry.npmjs.org/lodash/-/lodash-4.17.21.tgz"
  integrity sha512-v2kDEe57lecTulaDIuNTPy3Ry4gLGJ6Z1O3vE1krgXZNrsQ+LFTGHVxVjcXPs17LhbZVGedAJv8XZ1tvj5FvSg==

mock-socket@^9.2.1:
  version "9.2.1"
  resolved "https://registry.npmjs.org/mock-socket/-/mock-socket-9.2.1.tgz"
  integrity sha512-aw9F9T9G2zpGipLLhSNh6ZpgUyUl4frcVmRN08uE1NWPWg43Wx6+sGPDbQ7E5iFZZDJW5b5bypMeAEHqTbIFag==

ms@2.1.2:
  version "2.1.2"
  resolved "https://registry.npmjs.org/ms/-/ms-2.1.2.tgz"
  integrity sha512-sGkPx+VjMtmA6MX27oA4FBFELFCZZ4S4XqeGOXCv68tT+jb3vk/RyaKWP0PTKyWtmLSM0b+adUTEvbs1PEaH2w==

nock@^13.3.0:
  version "13.3.1"
  resolved "https://registry.npmjs.org/nock/-/nock-13.3.1.tgz"
  integrity sha512-vHnopocZuI93p2ccivFyGuUfzjq2fxNyNurp7816mlT5V5HF4SzXu8lvLrVzBbNqzs+ODooZ6OksuSUNM7Njkw==
  dependencies:
    debug "^4.1.0"
    json-stringify-safe "^5.0.1"
    lodash "^4.17.21"
    propagate "^2.0.0"

node-domexception@^1.0.0:
  version "1.0.0"
  resolved "https://registry.npmjs.org/node-domexception/-/node-domexception-1.0.0.tgz"
  integrity sha512-/jKZoMpw0F8GRwl4/eLROPA3cfcXtLApP0QzLmUT/HuPCZWyB7IY9ZrMeKw2O/nFIqPQB3PVM9aYm0F312AXDQ==

node-fetch@^3.3.1:
  version "3.3.1"
  resolved "https://registry.npmjs.org/node-fetch/-/node-fetch-3.3.1.tgz"
  integrity sha512-cRVc/kyto/7E5shrWca1Wsea4y6tL9iYJE5FBCius3JQfb/4P4I295PfhgbJQBLTx6lATE4z+wK0rPM4VS2uow==
  dependencies:
    data-uri-to-buffer "^4.0.0"
    fetch-blob "^3.1.4"
    formdata-polyfill "^4.0.10"

pako@^2.0.4:
  version "2.0.4"
  resolved "https://registry.npmjs.org/pako/-/pako-2.0.4.tgz"
  integrity sha512-v8tweI900AUkZN6heMU/4Uy4cXRc2AYNRggVmTR+dEncawDJgCdLMximOVA2p4qO57WMynangsfGRb5WD6L1Bg==

propagate@^2.0.0:
  version "2.0.1"
  resolved "https://registry.npmjs.org/propagate/-/propagate-2.0.1.tgz"
  integrity sha512-vGrhOavPSTz4QVNuBNdcNXePNdNMaO1xj9yBeH1ScQPjk/rhg9sSlCXPhMkFuaNNW/syTvYqsnbIJxMBfRbbag==

rxjs@^7.8.0:
  version "7.8.1"
  resolved "https://registry.npmjs.org/rxjs/-/rxjs-7.8.1.tgz"
  integrity sha512-AA3TVj+0A2iuIoQkWEK/tqFjBq2j+6PO6Y0zJcvzLAFhEFIO3HL0vls9hWLncZbAAbK0mar7oZ4V079I/qPMxg==
  dependencies:
    tslib "^2.1.0"

smoldot@0.7.11:
  version "0.7.11"
  resolved "https://registry.npmjs.org/smoldot/-/smoldot-0.7.11.tgz"
  integrity sha512-aE1led154FJ2/jrXKv2HLKdNIyvYJG6H2ZmKYFS++kW1OAcTQ6idDy3fzAI1VdydLDYK0YbKUsj7SJDmrjsS3g==
  dependencies:
    pako "^2.0.4"
    ws "^8.8.1"

tslib@^2.1.0, tslib@^2.5.0:
  version "2.5.0"
  resolved "https://registry.npmjs.org/tslib/-/tslib-2.5.0.tgz"
  integrity sha512-336iVw3rtn2BUK7ORdIAHTyxHGRIHVReokCR3XjbckJMK7ms8FysBfhLR8IXnAgy7T0PTPNBWKiH514FOW/WSg==

tweetnacl@^1.0.3:
  version "1.0.3"
  resolved "https://registry.npmjs.org/tweetnacl/-/tweetnacl-1.0.3.tgz"
  integrity sha512-6rt+RN7aOi1nGMyC4Xa5DdYiukl2UWCbcJft7YhxReBGQD7OAM8Pbxw6YMo4r2diNEA8FEmu32YOn9rhaiE5yw==

web-streams-polyfill@^3.0.3:
  version "3.2.1"
  resolved "https://registry.npmjs.org/web-streams-polyfill/-/web-streams-polyfill-3.2.1.tgz"
  integrity sha512-e0MO3wdXWKrLbL0DgGnUV7WHVuw9OUvL4hjgnPkIeEvESk74gAITi5G606JtZPp39cd8HA9VQzCIvA49LpPN5Q==

ws@^8.13.0, ws@^8.8.1:
  version "8.13.0"
  resolved "https://registry.npmjs.org/ws/-/ws-8.13.0.tgz"
  integrity sha512-x9vcZYTrFPC7aSIbj7sRCYo7L/Xb8Iy+pW0ng0wt2vCJv7M9HOMy0UoN3rr+IFC7hb7vXoqS+P9ktyLLLhO+LA==
